// !$*UTF8*$!
{
	archiveVersion = 1;
	classes = {
	};
	objectVersion = 46;
	objects = {

/* Begin PBXBuildFile section */
		1198BDDE1EEBF7B100D0B238 /* main.swift in Sources */ = {isa = PBXBuildFile; fileRef = 1198BDDD1EEBF7B100D0B238 /* main.swift */; };
		11B7057F1EEB42570039A863 /* AppDelegate.swift in Sources */ = {isa = PBXBuildFile; fileRef = 11B7057E1EEB42570039A863 /* AppDelegate.swift */; };
		11B705861EEB42570039A863 /* Assets.xcassets in Resources */ = {isa = PBXBuildFile; fileRef = 11B705851EEB42570039A863 /* Assets.xcassets */; };
		11B705891EEB42570039A863 /* LaunchScreen.storyboard in Resources */ = {isa = PBXBuildFile; fileRef = 11B705871EEB42570039A863 /* LaunchScreen.storyboard */; };
		11B705A11EEBCB0E0039A863 /* Nimble.framework in Frameworks */ = {isa = PBXBuildFile; fileRef = 11B7059F1EEBCB0E0039A863 /* Nimble.framework */; };
		11B705A21EEBCB0E0039A863 /* Quick.framework in Frameworks */ = {isa = PBXBuildFile; fileRef = 11B705A01EEBCB0E0039A863 /* Quick.framework */; };
		11B705A41EEBCB3E0039A863 /* Nimble.framework in CopyFiles */ = {isa = PBXBuildFile; fileRef = 11B7059F1EEBCB0E0039A863 /* Nimble.framework */; settings = {ATTRIBUTES = (CodeSignOnCopy, RemoveHeadersOnCopy, ); }; };
		11B705A51EEBCB3E0039A863 /* Quick.framework in CopyFiles */ = {isa = PBXBuildFile; fileRef = 11B705A01EEBCB0E0039A863 /* Quick.framework */; settings = {ATTRIBUTES = (CodeSignOnCopy, RemoveHeadersOnCopy, ); }; };
		11B705A81EEBD3810039A863 /* Result.framework in Frameworks */ = {isa = PBXBuildFile; fileRef = 11B705A71EEBD3810039A863 /* Result.framework */; };
		11CF990F1EEC510B00D82300 /* Notebook.swift in Sources */ = {isa = PBXBuildFile; fileRef = 11CF990E1EEC510B00D82300 /* Notebook.swift */; };
		11FBDBA91EED8ACD00135646 /* Notebook.swift in Sources */ = {isa = PBXBuildFile; fileRef = 11CF990E1EEC510B00D82300 /* Notebook.swift */; };
		11FBDBAA1EED8ACD00135646 /* Library.swift in Sources */ = {isa = PBXBuildFile; fileRef = B21252CCAC2E6A74E6D5225D /* Library.swift */; };
		11FBDBAB1EED946D00135646 /* Result.framework in Frameworks */ = {isa = PBXBuildFile; fileRef = 11B705A71EEBD3810039A863 /* Result.framework */; };
		11FBDBAC1EED947700135646 /* Result.framework in CopyFiles */ = {isa = PBXBuildFile; fileRef = 11B705A71EEBD3810039A863 /* Result.framework */; settings = {ATTRIBUTES = (CodeSignOnCopy, RemoveHeadersOnCopy, ); }; };
		11FBDBC21EED985100135646 /* NotebookSpec.swift in Sources */ = {isa = PBXBuildFile; fileRef = 11FBDBAE1EED966A00135646 /* NotebookSpec.swift */; };
		11FBDBC31EED985400135646 /* LibrarySpec.swift in Sources */ = {isa = PBXBuildFile; fileRef = 11FBDBAD1EED966A00135646 /* LibrarySpec.swift */; };
		B212572FF2C46BDD8511158F /* Note.swift in Sources */ = {isa = PBXBuildFile; fileRef = B2125B71EED6E86DA543D967 /* Note.swift */; };
		B21259D146CCDE18A8905F40 /* Library.swift in Sources */ = {isa = PBXBuildFile; fileRef = B21252CCAC2E6A74E6D5225D /* Library.swift */; };
		B2125BAEBCF69E05819F9A5C /* NoteSpec.swift in Sources */ = {isa = PBXBuildFile; fileRef = B2125FB1FE9B2D60B8DD5DE9 /* NoteSpec.swift */; };
		B2125CB8A807AB02BCEA4465 /* Note.swift in Sources */ = {isa = PBXBuildFile; fileRef = B2125B71EED6E86DA543D967 /* Note.swift */; };
/* End PBXBuildFile section */

/* Begin PBXContainerItemProxy section */
		11B705901EEB42570039A863 /* PBXContainerItemProxy */ = {
			isa = PBXContainerItemProxy;
			containerPortal = 11B705731EEB42560039A863 /* Project object */;
			proxyType = 1;
			remoteGlobalIDString = 11B7057A1EEB42570039A863;
			remoteInfo = QuNotes;
		};
/* End PBXContainerItemProxy section */

/* Begin PBXCopyFilesBuildPhase section */
		11B705A31EEBCB1D0039A863 /* CopyFiles */ = {
			isa = PBXCopyFilesBuildPhase;
			buildActionMask = 2147483647;
			dstPath = "";
			dstSubfolderSpec = 10;
			files = (
				11FBDBAC1EED947700135646 /* Result.framework in CopyFiles */,
				11B705A41EEBCB3E0039A863 /* Nimble.framework in CopyFiles */,
				11B705A51EEBCB3E0039A863 /* Quick.framework in CopyFiles */,
			);
			runOnlyForDeploymentPostprocessing = 0;
		};
/* End PBXCopyFilesBuildPhase section */

/* Begin PBXFileReference section */
		1198BDDD1EEBF7B100D0B238 /* main.swift */ = {isa = PBXFileReference; fileEncoding = 4; lastKnownFileType = sourcecode.swift; path = main.swift; sourceTree = "<group>"; };
		11B7057B1EEB42570039A863 /* QuNotes.app */ = {isa = PBXFileReference; explicitFileType = wrapper.application; includeInIndex = 0; path = QuNotes.app; sourceTree = BUILT_PRODUCTS_DIR; };
		11B7057E1EEB42570039A863 /* AppDelegate.swift */ = {isa = PBXFileReference; lastKnownFileType = sourcecode.swift; path = AppDelegate.swift; sourceTree = "<group>"; };
		11B705851EEB42570039A863 /* Assets.xcassets */ = {isa = PBXFileReference; lastKnownFileType = folder.assetcatalog; path = Assets.xcassets; sourceTree = "<group>"; };
		11B705881EEB42570039A863 /* Base */ = {isa = PBXFileReference; lastKnownFileType = file.storyboard; name = Base; path = Base.lproj/LaunchScreen.storyboard; sourceTree = "<group>"; };
		11B7058F1EEB42570039A863 /* QuNotesTests.xctest */ = {isa = PBXFileReference; explicitFileType = wrapper.cfbundle; includeInIndex = 0; path = QuNotesTests.xctest; sourceTree = BUILT_PRODUCTS_DIR; };
		11B7059F1EEBCB0E0039A863 /* Nimble.framework */ = {isa = PBXFileReference; lastKnownFileType = wrapper.framework; name = Nimble.framework; path = Carthage/Build/iOS/Nimble.framework; sourceTree = "<group>"; };
		11B705A01EEBCB0E0039A863 /* Quick.framework */ = {isa = PBXFileReference; lastKnownFileType = wrapper.framework; name = Quick.framework; path = Carthage/Build/iOS/Quick.framework; sourceTree = "<group>"; };
		11B705A71EEBD3810039A863 /* Result.framework */ = {isa = PBXFileReference; lastKnownFileType = wrapper.framework; name = Result.framework; path = Carthage/Build/iOS/Result.framework; sourceTree = "<group>"; };
		11CF990E1EEC510B00D82300 /* Notebook.swift */ = {isa = PBXFileReference; fileEncoding = 4; lastKnownFileType = sourcecode.swift; path = Notebook.swift; sourceTree = "<group>"; };
		11FBDBAD1EED966A00135646 /* LibrarySpec.swift */ = {isa = PBXFileReference; fileEncoding = 4; lastKnownFileType = sourcecode.swift; path = LibrarySpec.swift; sourceTree = "<group>"; };
		11FBDBAE1EED966A00135646 /* NotebookSpec.swift */ = {isa = PBXFileReference; fileEncoding = 4; lastKnownFileType = sourcecode.swift; path = NotebookSpec.swift; sourceTree = "<group>"; };
		11FBDBC41EED987400135646 /* Info.plist */ = {isa = PBXFileReference; fileEncoding = 4; lastKnownFileType = text.plist.xml; name = Info.plist; path = Resources/Info.plist; sourceTree = "<group>"; };
		11FBDBC51EED987400135646 /* QuNotesTestsInfo.plist */ = {isa = PBXFileReference; fileEncoding = 4; lastKnownFileType = text.plist.xml; name = QuNotesTestsInfo.plist; path = Resources/QuNotesTestsInfo.plist; sourceTree = "<group>"; };
		B21252CCAC2E6A74E6D5225D /* Library.swift */ = {isa = PBXFileReference; fileEncoding = 4; lastKnownFileType = sourcecode.swift; path = Library.swift; sourceTree = "<group>"; };
		B2125B71EED6E86DA543D967 /* Note.swift */ = {isa = PBXFileReference; fileEncoding = 4; lastKnownFileType = sourcecode.swift; path = Note.swift; sourceTree = "<group>"; };
		B2125FB1FE9B2D60B8DD5DE9 /* NoteSpec.swift */ = {isa = PBXFileReference; fileEncoding = 4; lastKnownFileType = sourcecode.swift; path = NoteSpec.swift; sourceTree = "<group>"; };
/* End PBXFileReference section */

/* Begin PBXFrameworksBuildPhase section */
		11B705781EEB42570039A863 /* Frameworks */ = {
			isa = PBXFrameworksBuildPhase;
			buildActionMask = 2147483647;
			files = (
				11B705A81EEBD3810039A863 /* Result.framework in Frameworks */,
			);
			runOnlyForDeploymentPostprocessing = 0;
		};
		11B7058C1EEB42570039A863 /* Frameworks */ = {
			isa = PBXFrameworksBuildPhase;
			buildActionMask = 2147483647;
			files = (
				11FBDBAB1EED946D00135646 /* Result.framework in Frameworks */,
				11B705A11EEBCB0E0039A863 /* Nimble.framework in Frameworks */,
				11B705A21EEBCB0E0039A863 /* Quick.framework in Frameworks */,
			);
			runOnlyForDeploymentPostprocessing = 0;
		};
/* End PBXFrameworksBuildPhase section */

/* Begin PBXGroup section */
		11B705721EEB42560039A863 = {
			isa = PBXGroup;
			children = (
				11B7057D1EEB42570039A863 /* QuNotes */,
				11B7057C1EEB42570039A863 /* Products */,
				11B7059E1EEBCB0E0039A863 /* Frameworks */,
			);
			sourceTree = "<group>";
		};
		11B7057C1EEB42570039A863 /* Products */ = {
			isa = PBXGroup;
			children = (
				11B7057B1EEB42570039A863 /* QuNotes.app */,
				11B7058F1EEB42570039A863 /* QuNotesTests.xctest */,
			);
			name = Products;
			sourceTree = "<group>";
		};
		11B7057D1EEB42570039A863 /* QuNotes */ = {
			isa = PBXGroup;
			children = (
				11B7057E1EEB42570039A863 /* AppDelegate.swift */,
				1198BDDD1EEBF7B100D0B238 /* main.swift */,
				11B705A61EEBCD600039A863 /* Resources */,
				B2125DE1D1AE827C86918097 /* Entity */,
			);
			path = QuNotes;
			sourceTree = "<group>";
		};
		11B7059E1EEBCB0E0039A863 /* Frameworks */ = {
			isa = PBXGroup;
			children = (
				11B705A71EEBD3810039A863 /* Result.framework */,
				11B7059F1EEBCB0E0039A863 /* Nimble.framework */,
				11B705A01EEBCB0E0039A863 /* Quick.framework */,
			);
			name = Frameworks;
			sourceTree = "<group>";
		};
		11B705A61EEBCD600039A863 /* Resources */ = {
			isa = PBXGroup;
			children = (
				11FBDBC41EED987400135646 /* Info.plist */,
				11FBDBC51EED987400135646 /* QuNotesTestsInfo.plist */,
				11B705851EEB42570039A863 /* Assets.xcassets */,
				11B705871EEB42570039A863 /* LaunchScreen.storyboard */,
			);
			name = Resources;
			sourceTree = "<group>";
		};
		B2125DE1D1AE827C86918097 /* Entity */ = {
			isa = PBXGroup;
			children = (
				11CF990E1EEC510B00D82300 /* Notebook.swift */,
				11FBDBAE1EED966A00135646 /* NotebookSpec.swift */,
				B21252CCAC2E6A74E6D5225D /* Library.swift */,
				11FBDBAD1EED966A00135646 /* LibrarySpec.swift */,
				B2125B71EED6E86DA543D967 /* Note.swift */,
				B2125FB1FE9B2D60B8DD5DE9 /* NoteSpec.swift */,
			);
			path = Entity;
			sourceTree = "<group>";
		};
/* End PBXGroup section */

/* Begin PBXNativeTarget section */
		11B7057A1EEB42570039A863 /* QuNotes */ = {
			isa = PBXNativeTarget;
			buildConfigurationList = 11B705981EEB42570039A863 /* Build configuration list for PBXNativeTarget "QuNotes" */;
			buildPhases = (
				11B705771EEB42570039A863 /* Sources */,
				11B705781EEB42570039A863 /* Frameworks */,
				11B705791EEB42570039A863 /* Resources */,
				11B705AA1EEBD39F0039A863 /* ShellScript */,
			);
			buildRules = (
			);
			dependencies = (
			);
			name = QuNotes;
			productName = QuNotes;
			productReference = 11B7057B1EEB42570039A863 /* QuNotes.app */;
			productType = "com.apple.product-type.application";
		};
		11B7058E1EEB42570039A863 /* QuNotesTests */ = {
			isa = PBXNativeTarget;
			buildConfigurationList = 11B7059B1EEB42570039A863 /* Build configuration list for PBXNativeTarget "QuNotesTests" */;
			buildPhases = (
				11B7058B1EEB42570039A863 /* Sources */,
				11B7058C1EEB42570039A863 /* Frameworks */,
				11B7058D1EEB42570039A863 /* Resources */,
				11B705A31EEBCB1D0039A863 /* CopyFiles */,
			);
			buildRules = (
			);
			dependencies = (
				11B705911EEB42570039A863 /* PBXTargetDependency */,
			);
			name = QuNotesTests;
			productName = QuNotesTests;
			productReference = 11B7058F1EEB42570039A863 /* QuNotesTests.xctest */;
			productType = "com.apple.product-type.bundle.unit-test";
		};
/* End PBXNativeTarget section */

/* Begin PBXProject section */
		11B705731EEB42560039A863 /* Project object */ = {
			isa = PBXProject;
			attributes = {
				LastSwiftUpdateCheck = 0830;
				LastUpgradeCheck = 0830;
				ORGANIZATIONNAME = "Alexander Guschin";
				TargetAttributes = {
					11B7057A1EEB42570039A863 = {
						CreatedOnToolsVersion = 8.3.2;
						DevelopmentTeam = LB83DKTVND;
						ProvisioningStyle = Automatic;
					};
					11B7058E1EEB42570039A863 = {
						CreatedOnToolsVersion = 8.3.2;
						DevelopmentTeam = LB83DKTVND;
						ProvisioningStyle = Automatic;
					};
				};
			};
			buildConfigurationList = 11B705761EEB42560039A863 /* Build configuration list for PBXProject "QuNotes" */;
			compatibilityVersion = "Xcode 3.2";
			developmentRegion = English;
			hasScannedForEncodings = 0;
			knownRegions = (
				en,
				Base,
			);
			mainGroup = 11B705721EEB42560039A863;
			productRefGroup = 11B7057C1EEB42570039A863 /* Products */;
			projectDirPath = "";
			projectRoot = "";
			targets = (
				11B7057A1EEB42570039A863 /* QuNotes */,
				11B7058E1EEB42570039A863 /* QuNotesTests */,
			);
		};
/* End PBXProject section */

/* Begin PBXResourcesBuildPhase section */
		11B705791EEB42570039A863 /* Resources */ = {
			isa = PBXResourcesBuildPhase;
			buildActionMask = 2147483647;
			files = (
				11B705891EEB42570039A863 /* LaunchScreen.storyboard in Resources */,
				11B705861EEB42570039A863 /* Assets.xcassets in Resources */,
			);
			runOnlyForDeploymentPostprocessing = 0;
		};
		11B7058D1EEB42570039A863 /* Resources */ = {
			isa = PBXResourcesBuildPhase;
			buildActionMask = 2147483647;
			files = (
			);
			runOnlyForDeploymentPostprocessing = 0;
		};
/* End PBXResourcesBuildPhase section */

/* Begin PBXShellScriptBuildPhase section */
		11B705AA1EEBD39F0039A863 /* ShellScript */ = {
			isa = PBXShellScriptBuildPhase;
			buildActionMask = 2147483647;
			files = (
			);
			inputPaths = (
				"$(SRCROOT)/Carthage/Build/iOS/Result.framework",
			);
			outputPaths = (
			);
			runOnlyForDeploymentPostprocessing = 0;
			shellPath = /bin/sh;
			shellScript = "/usr/local/bin/carthage copy-frameworks";
		};
/* End PBXShellScriptBuildPhase section */

/* Begin PBXSourcesBuildPhase section */
		11B705771EEB42570039A863 /* Sources */ = {
			isa = PBXSourcesBuildPhase;
			buildActionMask = 2147483647;
			files = (
				11B7057F1EEB42570039A863 /* AppDelegate.swift in Sources */,
				1198BDDE1EEBF7B100D0B238 /* main.swift in Sources */,
				11CF990F1EEC510B00D82300 /* Notebook.swift in Sources */,
				B21259D146CCDE18A8905F40 /* Library.swift in Sources */,
				B212572FF2C46BDD8511158F /* Note.swift in Sources */,
			);
			runOnlyForDeploymentPostprocessing = 0;
		};
		11B7058B1EEB42570039A863 /* Sources */ = {
			isa = PBXSourcesBuildPhase;
			buildActionMask = 2147483647;
			files = (
				11FBDBC31EED985400135646 /* LibrarySpec.swift in Sources */,
				11FBDBC21EED985100135646 /* NotebookSpec.swift in Sources */,
				11FBDBA91EED8ACD00135646 /* Notebook.swift in Sources */,
				11FBDBAA1EED8ACD00135646 /* Library.swift in Sources */,
				B2125BAEBCF69E05819F9A5C /* NoteSpec.swift in Sources */,
				B2125CB8A807AB02BCEA4465 /* Note.swift in Sources */,
			);
			runOnlyForDeploymentPostprocessing = 0;
		};
/* End PBXSourcesBuildPhase section */

/* Begin PBXTargetDependency section */
		11B705911EEB42570039A863 /* PBXTargetDependency */ = {
			isa = PBXTargetDependency;
			target = 11B7057A1EEB42570039A863 /* QuNotes */;
			targetProxy = 11B705901EEB42570039A863 /* PBXContainerItemProxy */;
		};
/* End PBXTargetDependency section */

/* Begin PBXVariantGroup section */
		11B705871EEB42570039A863 /* LaunchScreen.storyboard */ = {
			isa = PBXVariantGroup;
			children = (
				11B705881EEB42570039A863 /* Base */,
			);
			name = LaunchScreen.storyboard;
			sourceTree = "<group>";
		};
/* End PBXVariantGroup section */

/* Begin XCBuildConfiguration section */
		11B705961EEB42570039A863 /* Debug */ = {
			isa = XCBuildConfiguration;
			buildSettings = {
				ALWAYS_SEARCH_USER_PATHS = NO;
				CLANG_ANALYZER_NONNULL = YES;
				CLANG_ANALYZER_NUMBER_OBJECT_CONVERSION = YES_AGGRESSIVE;
				CLANG_CXX_LANGUAGE_STANDARD = "gnu++0x";
				CLANG_CXX_LIBRARY = "libc++";
				CLANG_ENABLE_MODULES = YES;
				CLANG_ENABLE_OBJC_ARC = YES;
				CLANG_WARN_BOOL_CONVERSION = YES;
				CLANG_WARN_CONSTANT_CONVERSION = YES;
				CLANG_WARN_DIRECT_OBJC_ISA_USAGE = YES_ERROR;
				CLANG_WARN_DOCUMENTATION_COMMENTS = YES;
				CLANG_WARN_EMPTY_BODY = YES;
				CLANG_WARN_ENUM_CONVERSION = YES;
				CLANG_WARN_INFINITE_RECURSION = YES;
				CLANG_WARN_INT_CONVERSION = YES;
				CLANG_WARN_OBJC_ROOT_CLASS = YES_ERROR;
				CLANG_WARN_SUSPICIOUS_MOVE = YES;
				CLANG_WARN_UNREACHABLE_CODE = YES;
				CLANG_WARN__DUPLICATE_METHOD_MATCH = YES;
				"CODE_SIGN_IDENTITY[sdk=iphoneos*]" = "iPhone Developer";
				COPY_PHASE_STRIP = NO;
				DEBUG_INFORMATION_FORMAT = dwarf;
				ENABLE_STRICT_OBJC_MSGSEND = YES;
				ENABLE_TESTABILITY = YES;
				GCC_C_LANGUAGE_STANDARD = gnu99;
				GCC_DYNAMIC_NO_PIC = NO;
				GCC_NO_COMMON_BLOCKS = YES;
				GCC_OPTIMIZATION_LEVEL = 0;
				GCC_PREPROCESSOR_DEFINITIONS = (
					"DEBUG=1",
					"$(inherited)",
				);
				GCC_WARN_64_TO_32_BIT_CONVERSION = YES;
				GCC_WARN_ABOUT_RETURN_TYPE = YES_ERROR;
				GCC_WARN_UNDECLARED_SELECTOR = YES;
				GCC_WARN_UNINITIALIZED_AUTOS = YES_AGGRESSIVE;
				GCC_WARN_UNUSED_FUNCTION = YES;
				GCC_WARN_UNUSED_VARIABLE = YES;
				IPHONEOS_DEPLOYMENT_TARGET = 10.3;
				MTL_ENABLE_DEBUG_INFO = YES;
				ONLY_ACTIVE_ARCH = YES;
				SDKROOT = iphoneos;
				SWIFT_ACTIVE_COMPILATION_CONDITIONS = DEBUG;
				SWIFT_OPTIMIZATION_LEVEL = "-Onone";
				TARGETED_DEVICE_FAMILY = "1,2";
			};
			name = Debug;
		};
		11B705971EEB42570039A863 /* Release */ = {
			isa = XCBuildConfiguration;
			buildSettings = {
				ALWAYS_SEARCH_USER_PATHS = NO;
				CLANG_ANALYZER_NONNULL = YES;
				CLANG_ANALYZER_NUMBER_OBJECT_CONVERSION = YES_AGGRESSIVE;
				CLANG_CXX_LANGUAGE_STANDARD = "gnu++0x";
				CLANG_CXX_LIBRARY = "libc++";
				CLANG_ENABLE_MODULES = YES;
				CLANG_ENABLE_OBJC_ARC = YES;
				CLANG_WARN_BOOL_CONVERSION = YES;
				CLANG_WARN_CONSTANT_CONVERSION = YES;
				CLANG_WARN_DIRECT_OBJC_ISA_USAGE = YES_ERROR;
				CLANG_WARN_DOCUMENTATION_COMMENTS = YES;
				CLANG_WARN_EMPTY_BODY = YES;
				CLANG_WARN_ENUM_CONVERSION = YES;
				CLANG_WARN_INFINITE_RECURSION = YES;
				CLANG_WARN_INT_CONVERSION = YES;
				CLANG_WARN_OBJC_ROOT_CLASS = YES_ERROR;
				CLANG_WARN_SUSPICIOUS_MOVE = YES;
				CLANG_WARN_UNREACHABLE_CODE = YES;
				CLANG_WARN__DUPLICATE_METHOD_MATCH = YES;
				"CODE_SIGN_IDENTITY[sdk=iphoneos*]" = "iPhone Developer";
				COPY_PHASE_STRIP = NO;
				DEBUG_INFORMATION_FORMAT = "dwarf-with-dsym";
				ENABLE_NS_ASSERTIONS = NO;
				ENABLE_STRICT_OBJC_MSGSEND = YES;
				GCC_C_LANGUAGE_STANDARD = gnu99;
				GCC_NO_COMMON_BLOCKS = YES;
				GCC_WARN_64_TO_32_BIT_CONVERSION = YES;
				GCC_WARN_ABOUT_RETURN_TYPE = YES_ERROR;
				GCC_WARN_UNDECLARED_SELECTOR = YES;
				GCC_WARN_UNINITIALIZED_AUTOS = YES_AGGRESSIVE;
				GCC_WARN_UNUSED_FUNCTION = YES;
				GCC_WARN_UNUSED_VARIABLE = YES;
				IPHONEOS_DEPLOYMENT_TARGET = 10.3;
				MTL_ENABLE_DEBUG_INFO = NO;
				SDKROOT = iphoneos;
				SWIFT_OPTIMIZATION_LEVEL = "-Owholemodule";
				TARGETED_DEVICE_FAMILY = "1,2";
				VALIDATE_PRODUCT = YES;
			};
			name = Release;
		};
		11B705991EEB42570039A863 /* Debug */ = {
			isa = XCBuildConfiguration;
			buildSettings = {
				ASSETCATALOG_COMPILER_APPICON_NAME = AppIcon;
				DEVELOPMENT_TEAM = LB83DKTVND;
				FRAMEWORK_SEARCH_PATHS = (
					"$(inherited)",
					"$(PROJECT_DIR)/Carthage/Build/iOS",
				);
				INFOPLIST_FILE = QuNotes/Resources/Info.plist;
				LD_RUNPATH_SEARCH_PATHS = "$(inherited) @executable_path/Frameworks";
				PRODUCT_BUNDLE_IDENTIFIER = io.ragon.github.QuNotes;
				PRODUCT_NAME = "$(TARGET_NAME)";
				SWIFT_VERSION = 3.0;
			};
			name = Debug;
		};
		11B7059A1EEB42570039A863 /* Release */ = {
			isa = XCBuildConfiguration;
			buildSettings = {
				ASSETCATALOG_COMPILER_APPICON_NAME = AppIcon;
				DEVELOPMENT_TEAM = LB83DKTVND;
				FRAMEWORK_SEARCH_PATHS = (
					"$(inherited)",
					"$(PROJECT_DIR)/Carthage/Build/iOS",
				);
				INFOPLIST_FILE = QuNotes/Resources/Info.plist;
				LD_RUNPATH_SEARCH_PATHS = "$(inherited) @executable_path/Frameworks";
				PRODUCT_BUNDLE_IDENTIFIER = io.ragon.github.QuNotes;
				PRODUCT_NAME = "$(TARGET_NAME)";
				SWIFT_VERSION = 3.0;
			};
			name = Release;
		};
		11B7059C1EEB42570039A863 /* Debug */ = {
			isa = XCBuildConfiguration;
			buildSettings = {
				ALWAYS_EMBED_SWIFT_STANDARD_LIBRARIES = YES;
				DEVELOPMENT_TEAM = LB83DKTVND;
				FRAMEWORK_SEARCH_PATHS = (
					"$(inherited)",
					"$(PROJECT_DIR)/Carthage/Build/iOS",
				);
				INFOPLIST_FILE = QuNotes/Resources/QuNotesTestsInfo.plist;
				LD_RUNPATH_SEARCH_PATHS = "$(inherited) @executable_path/Frameworks @loader_path/Frameworks";
				PRODUCT_BUNDLE_IDENTIFIER = io.ragon.github.QuNotesTests;
				PRODUCT_NAME = "$(TARGET_NAME)";
				SWIFT_VERSION = 3.0;
			};
			name = Debug;
		};
		11B7059D1EEB42570039A863 /* Release */ = {
			isa = XCBuildConfiguration;
			buildSettings = {
				ALWAYS_EMBED_SWIFT_STANDARD_LIBRARIES = YES;
				DEVELOPMENT_TEAM = LB83DKTVND;
				FRAMEWORK_SEARCH_PATHS = (
					"$(inherited)",
					"$(PROJECT_DIR)/Carthage/Build/iOS",
				);
				INFOPLIST_FILE = QuNotes/Resources/QuNotesTestsInfo.plist;
				LD_RUNPATH_SEARCH_PATHS = "$(inherited) @executable_path/Frameworks @loader_path/Frameworks";
				PRODUCT_BUNDLE_IDENTIFIER = io.ragon.github.QuNotesTests;
				PRODUCT_NAME = "$(TARGET_NAME)";
				SWIFT_VERSION = 3.0;
			};
			name = Release;
		};
/* End XCBuildConfiguration section */

/* Begin XCConfigurationList section */
		11B705761EEB42560039A863 /* Build configuration list for PBXProject "QuNotes" */ = {
			isa = XCConfigurationList;
			buildConfigurations = (
				11B705961EEB42570039A863 /* Debug */,
				11B705971EEB42570039A863 /* Release */,
			);
			defaultConfigurationIsVisible = 0;
			defaultConfigurationName = Release;
		};
		11B705981EEB42570039A863 /* Build configuration list for PBXNativeTarget "QuNotes" */ = {
			isa = XCConfigurationList;
			buildConfigurations = (
				11B705991EEB42570039A863 /* Debug */,
				11B7059A1EEB42570039A863 /* Release */,
			);
			defaultConfigurationIsVisible = 0;
			defaultConfigurationName = Release;
		};
		11B7059B1EEB42570039A863 /* Build configuration list for PBXNativeTarget "QuNotesTests" */ = {
			isa = XCConfigurationList;
			buildConfigurations = (
				11B7059C1EEB42570039A863 /* Debug */,
				11B7059D1EEB42570039A863 /* Release */,
			);
			defaultConfigurationIsVisible = 0;
			defaultConfigurationName = Release;
		};
/* End XCConfigurationList section */
	};
	rootObject = 11B705731EEB42560039A863 /* Project object */;
}
