// !$*UTF8*$!
{
	archiveVersion = 1;
	classes = {
	};
	objectVersion = 46;
	objects = {

/* Begin PBXBuildFile section */
		1109567B1F99307A0043AE2D /* NotebookEvaluatorSpec.swift in Sources */ = {isa = PBXBuildFile; fileRef = 1109567A1F99307A0043AE2D /* NotebookEvaluatorSpec.swift */; };
		1109567D1F993E190043AE2D /* LibraryEvaluatorSpec.swift in Sources */ = {isa = PBXBuildFile; fileRef = 1109567C1F993E190043AE2D /* LibraryEvaluatorSpec.swift */; };
		11096D2A1F59EF4F00E1623C /* Operators.swift in Sources */ = {isa = PBXBuildFile; fileRef = 11096D291F59EF4F00E1623C /* Operators.swift */; };
		111743711F520C24006EDA89 /* NavigationController.swift in Sources */ = {isa = PBXBuildFile; fileRef = 111743701F520C24006EDA89 /* NavigationController.swift */; };
		111743721F521295006EDA89 /* Notepad.framework in Frameworks */ = {isa = PBXBuildFile; fileRef = 119955FC1F07C0FD007AB79A /* Notepad.framework */; };
		111743751F5216AC006EDA89 /* Coordinator.swift in Sources */ = {isa = PBXBuildFile; fileRef = 111743741F5216AC006EDA89 /* Coordinator.swift */; };
		11239E4D1FD5EE2F0076C94C /* NotebookEvaluator.swift in Sources */ = {isa = PBXBuildFile; fileRef = 118AA0341F8EB7180014CA3D /* NotebookEvaluator.swift */; };
		112A9D8F1F59F07C003DF85D /* Operators.swift in Sources */ = {isa = PBXBuildFile; fileRef = 11096D291F59EF4F00E1623C /* Operators.swift */; };
		112D49831EF5391400C75B6A /* main.swift in Sources */ = {isa = PBXBuildFile; fileRef = 112D49821EF5391400C75B6A /* main.swift */; };
		11429F7F1FD4227A00A537E2 /* AutoLens.generated.swift in Sources */ = {isa = PBXBuildFile; fileRef = 11429F7E1FD4227900A537E2 /* AutoLens.generated.swift */; };
		11429F801FD4232E00A537E2 /* AutoLens.generated.swift in Sources */ = {isa = PBXBuildFile; fileRef = 11429F7E1FD4227900A537E2 /* AutoLens.generated.swift */; };
		1150D2DB1FE4339800AC1427 /* Prelude.h in Headers */ = {isa = PBXBuildFile; fileRef = 1150D2D91FE4339800AC1427 /* Prelude.h */; settings = {ATTRIBUTES = (Public, ); }; };
		1150D2DE1FE4339800AC1427 /* Prelude.framework in Frameworks */ = {isa = PBXBuildFile; fileRef = 1150D2D71FE4339800AC1427 /* Prelude.framework */; };
		1150D2DF1FE4339800AC1427 /* Prelude.framework in Embed Frameworks */ = {isa = PBXBuildFile; fileRef = 1150D2D71FE4339800AC1427 /* Prelude.framework */; settings = {ATTRIBUTES = (CodeSignOnCopy, RemoveHeadersOnCopy, ); }; };
		1150D30B1FE433C000AC1427 /* Core.h in Headers */ = {isa = PBXBuildFile; fileRef = 1150D2FB1FE433C000AC1427 /* Core.h */; settings = {ATTRIBUTES = (Public, ); }; };
		1150D30E1FE433C000AC1427 /* Core.framework in Frameworks */ = {isa = PBXBuildFile; fileRef = 1150D2F91FE433C000AC1427 /* Core.framework */; };
		1150D30F1FE433C000AC1427 /* Core.framework in Embed Frameworks */ = {isa = PBXBuildFile; fileRef = 1150D2F91FE433C000AC1427 /* Core.framework */; settings = {ATTRIBUTES = (CodeSignOnCopy, RemoveHeadersOnCopy, ); }; };
		1150D3161FE433CF00AC1427 /* Lens.swift in Sources */ = {isa = PBXBuildFile; fileRef = 11C1B7BC1FE315DA009B1D3A /* Lens.swift */; };
		1150D3171FE433CF00AC1427 /* Curry.swift in Sources */ = {isa = PBXBuildFile; fileRef = 11C1B7BF1FE31708009B1D3A /* Curry.swift */; };
		1150D3181FE433CF00AC1427 /* Operators.swift in Sources */ = {isa = PBXBuildFile; fileRef = 11C1B7BA1FE315B5009B1D3A /* Operators.swift */; };
		1150D31B1FE4346C00AC1427 /* SourceryProtocols.swift in Sources */ = {isa = PBXBuildFile; fileRef = 11C1B7C81FE31B25009B1D3A /* SourceryProtocols.swift */; };
		1150D31C1FE4347D00AC1427 /* Prelude.framework in Frameworks */ = {isa = PBXBuildFile; fileRef = 1150D2D71FE4339800AC1427 /* Prelude.framework */; };
		1150D31D1FE4361400AC1427 /* Note.swift in Sources */ = {isa = PBXBuildFile; fileRef = 11A1FE651FA7B41D006BAF4C /* Note.swift */; };
		1150D31E1FE4361500AC1427 /* Note.swift in Sources */ = {isa = PBXBuildFile; fileRef = 11A1FE651FA7B41D006BAF4C /* Note.swift */; };
		1150D3201FE4371800AC1427 /* AutoLensCore.generated.swift in Sources */ = {isa = PBXBuildFile; fileRef = 11C1B7CB1FE31D7B009B1D3A /* AutoLensCore.generated.swift */; };
		1150D3211FE4371B00AC1427 /* AutoEquatableCore.generated.swift in Sources */ = {isa = PBXBuildFile; fileRef = 11C1B7CC1FE31D7B009B1D3A /* AutoEquatableCore.generated.swift */; };
		1150D3221FE4371B00AC1427 /* AutoEquatableCore.generated.swift in Sources */ = {isa = PBXBuildFile; fileRef = 11C1B7CC1FE31D7B009B1D3A /* AutoEquatableCore.generated.swift */; };
		1150D3231FE4371E00AC1427 /* AutoLensCore.generated.swift in Sources */ = {isa = PBXBuildFile; fileRef = 11C1B7CB1FE31D7B009B1D3A /* AutoLensCore.generated.swift */; };
		1150D3241FE4374600AC1427 /* Notebook.swift in Sources */ = {isa = PBXBuildFile; fileRef = 11A1FE611FA7B3C1006BAF4C /* Notebook.swift */; };
		1150D3251FE4374700AC1427 /* Notebook.swift in Sources */ = {isa = PBXBuildFile; fileRef = 11A1FE611FA7B3C1006BAF4C /* Notebook.swift */; };
		1150D3261FE4374900AC1427 /* NotebookSpec.swift in Sources */ = {isa = PBXBuildFile; fileRef = 111161E01FA7B5B600023B27 /* NotebookSpec.swift */; };
		1150D3271FE4374D00AC1427 /* Library.swift in Sources */ = {isa = PBXBuildFile; fileRef = 1153327A1FACFCF3008FEC2A /* Library.swift */; };
		1150D3281FE4374E00AC1427 /* Library.swift in Sources */ = {isa = PBXBuildFile; fileRef = 1153327A1FACFCF3008FEC2A /* Library.swift */; };
		1150D3291FE4375200AC1427 /* LibrarySpec.swift in Sources */ = {isa = PBXBuildFile; fileRef = 1153327D1FACFD02008FEC2A /* LibrarySpec.swift */; };
		1150D32A1FE437EF00AC1427 /* Result.framework in Frameworks */ = {isa = PBXBuildFile; fileRef = 11B705A71EEBD3810039A863 /* Result.framework */; };
		1150D32C1FE4381400AC1427 /* Array+Extensions.swift in Sources */ = {isa = PBXBuildFile; fileRef = 113504291F16BA01001938FD /* Array+Extensions.swift */; };
		1150D32D1FE4381500AC1427 /* Array+Extensions.swift in Sources */ = {isa = PBXBuildFile; fileRef = 113504291F16BA01001938FD /* Array+Extensions.swift */; };
		1150D32E1FE4383700AC1427 /* NoteSpec.swift in Sources */ = {isa = PBXBuildFile; fileRef = 111161E21FA7B61100023B27 /* NoteSpec.swift */; };
		1150D3301FE4385C00AC1427 /* Quick.framework in Frameworks */ = {isa = PBXBuildFile; fileRef = 11B705A01EEBCB0E0039A863 /* Quick.framework */; };
		1150D3311FE4385C00AC1427 /* Nimble.framework in Frameworks */ = {isa = PBXBuildFile; fileRef = 11B7059F1EEBCB0E0039A863 /* Nimble.framework */; };
		1150D3321FE4385C00AC1427 /* Difference.framework in Frameworks */ = {isa = PBXBuildFile; fileRef = 11E39D731FC494C500D9232D /* Difference.framework */; };
		1150D3341FE4390F00AC1427 /* EqualDiffMatcher.swift in Sources */ = {isa = PBXBuildFile; fileRef = 11E39D761FC4C12900D9232D /* EqualDiffMatcher.swift */; };
		1150D3361FE4394200AC1427 /* SourceryProtocols.swift in Sources */ = {isa = PBXBuildFile; fileRef = 11C1B7C81FE31B25009B1D3A /* SourceryProtocols.swift */; };
		1150D3441FE43F2A00AC1427 /* Difference.framework in CopyFiles */ = {isa = PBXBuildFile; fileRef = 11E39D731FC494C500D9232D /* Difference.framework */; settings = {ATTRIBUTES = (CodeSignOnCopy, RemoveHeadersOnCopy, ); }; };
		1150D3451FE43F2A00AC1427 /* Nimble.framework in CopyFiles */ = {isa = PBXBuildFile; fileRef = 11B7059F1EEBCB0E0039A863 /* Nimble.framework */; settings = {ATTRIBUTES = (CodeSignOnCopy, RemoveHeadersOnCopy, ); }; };
		1150D3461FE43F2A00AC1427 /* Quick.framework in CopyFiles */ = {isa = PBXBuildFile; fileRef = 11B705A01EEBCB0E0039A863 /* Quick.framework */; settings = {ATTRIBUTES = (CodeSignOnCopy, RemoveHeadersOnCopy, ); }; };
		1150D3471FE43F3800AC1427 /* Result.framework in CopyFiles */ = {isa = PBXBuildFile; fileRef = 11B705A71EEBD3810039A863 /* Result.framework */; settings = {ATTRIBUTES = (CodeSignOnCopy, RemoveHeadersOnCopy, ); }; };
		1150D3481FE43F5200AC1427 /* Result.framework in Frameworks */ = {isa = PBXBuildFile; fileRef = 11B705A71EEBD3810039A863 /* Result.framework */; };
		1150D3491FE441AF00AC1427 /* Array+Extensions.swift in Sources */ = {isa = PBXBuildFile; fileRef = 113504291F16BA01001938FD /* Array+Extensions.swift */; };
		1150D34A1FE441AF00AC1427 /* Array+Extensions.swift in Sources */ = {isa = PBXBuildFile; fileRef = 113504291F16BA01001938FD /* Array+Extensions.swift */; };
		1150D3541FE4532400AC1427 /* QuNotesUI.h in Headers */ = {isa = PBXBuildFile; fileRef = 1150D3521FE4532400AC1427 /* QuNotesUI.h */; settings = {ATTRIBUTES = (Public, ); }; };
		1150D3591FE4535A00AC1427 /* NoteDatatypes.swift in Sources */ = {isa = PBXBuildFile; fileRef = 1150D3581FE4535A00AC1427 /* NoteDatatypes.swift */; };
		1150D35B1FE453E600AC1427 /* NoteViewController.swift in Sources */ = {isa = PBXBuildFile; fileRef = B212509F1CE5CE5D33073575 /* NoteViewController.swift */; };
		1150D35C1FE4541900AC1427 /* WSTagsField.framework in Frameworks */ = {isa = PBXBuildFile; fileRef = 11AE3C721F194E1700A13A74 /* WSTagsField.framework */; };
		1150D35D1FE4541900AC1427 /* Result.framework in Frameworks */ = {isa = PBXBuildFile; fileRef = 11B705A71EEBD3810039A863 /* Result.framework */; };
		1150D35E1FE4541900AC1427 /* Notepad.framework in Frameworks */ = {isa = PBXBuildFile; fileRef = 119955FC1F07C0FD007AB79A /* Notepad.framework */; };
		1150D3601FE4542B00AC1427 /* WSTagsField.framework in CopyFiles */ = {isa = PBXBuildFile; fileRef = 11AE3C721F194E1700A13A74 /* WSTagsField.framework */; settings = {ATTRIBUTES = (CodeSignOnCopy, RemoveHeadersOnCopy, ); }; };
		1150D3611FE4542B00AC1427 /* Notepad.framework in CopyFiles */ = {isa = PBXBuildFile; fileRef = 119955FC1F07C0FD007AB79A /* Notepad.framework */; settings = {ATTRIBUTES = (CodeSignOnCopy, RemoveHeadersOnCopy, ); }; };
		1150D3621FE4542B00AC1427 /* Result.framework in CopyFiles */ = {isa = PBXBuildFile; fileRef = 11B705A71EEBD3810039A863 /* Result.framework */; settings = {ATTRIBUTES = (CodeSignOnCopy, RemoveHeadersOnCopy, ); }; };
		1150D3631FE454D400AC1427 /* NoteDatatypes.swift in Sources */ = {isa = PBXBuildFile; fileRef = 1150D3581FE4535A00AC1427 /* NoteDatatypes.swift */; };
		1150D3641FE454E100AC1427 /* SourceryProtocols.swift in Sources */ = {isa = PBXBuildFile; fileRef = 1190D5B11FC1D4AF0064D569 /* SourceryProtocols.swift */; };
		115818A61F6B06F4009C9BB2 /* NoteTableViewCell.swift in Sources */ = {isa = PBXBuildFile; fileRef = 115818A41F6B06F4009C9BB2 /* NoteTableViewCell.swift */; };
		115818A71F6B06F4009C9BB2 /* NoteTableViewCell.xib in Resources */ = {isa = PBXBuildFile; fileRef = 115818A51F6B06F4009C9BB2 /* NoteTableViewCell.xib */; };
		1160CCDE1F954A560033E9E2 /* NoteEvaluatorSpec.swift in Sources */ = {isa = PBXBuildFile; fileRef = 1160CCDD1F954A560033E9E2 /* NoteEvaluatorSpec.swift */; };
		1160CCDF1F954C0B0033E9E2 /* Coordinator.swift in Sources */ = {isa = PBXBuildFile; fileRef = 111743741F5216AC006EDA89 /* Coordinator.swift */; };
		1160CCE01F954C140033E9E2 /* NavigationController.swift in Sources */ = {isa = PBXBuildFile; fileRef = 111743701F520C24006EDA89 /* NavigationController.swift */; };
		1168798A1F798EC2009461D6 /* LibraryTableViewCell.swift in Sources */ = {isa = PBXBuildFile; fileRef = 116879881F798EC2009461D6 /* LibraryTableViewCell.swift */; };
		1168798B1F798EC2009461D6 /* LibraryTableViewCell.xib in Resources */ = {isa = PBXBuildFile; fileRef = 116879891F798EC2009461D6 /* LibraryTableViewCell.xib */; };
		116E40B81FC0BE570096BC6C /* FailingFileExecuter.swift in Sources */ = {isa = PBXBuildFile; fileRef = 116E40B71FC0BE570096BC6C /* FailingFileExecuter.swift */; };
		117636371F07FA4B000A5CFC /* Notepad.framework in Copy Files */ = {isa = PBXBuildFile; fileRef = 119955FC1F07C0FD007AB79A /* Notepad.framework */; settings = {ATTRIBUTES = (CodeSignOnCopy, RemoveHeadersOnCopy, ); }; };
		117D151C1FB61CCA00410F6F /* FileExecuter.swift in Sources */ = {isa = PBXBuildFile; fileRef = 117D151B1FB61CCA00410F6F /* FileExecuter.swift */; };
		117D151D1FB61CCA00410F6F /* FileExecuter.swift in Sources */ = {isa = PBXBuildFile; fileRef = 117D151B1FB61CCA00410F6F /* FileExecuter.swift */; };
		117D151F1FB63F4500410F6F /* URL+Extensions.swift in Sources */ = {isa = PBXBuildFile; fileRef = 117D151E1FB63F4500410F6F /* URL+Extensions.swift */; };
		117D15201FB63F4500410F6F /* URL+Extensions.swift in Sources */ = {isa = PBXBuildFile; fileRef = 117D151E1FB63F4500410F6F /* URL+Extensions.swift */; };
		117D15221FB63F5E00410F6F /* URL+ExtensionsSpec.swift in Sources */ = {isa = PBXBuildFile; fileRef = 117D15211FB63F5E00410F6F /* URL+ExtensionsSpec.swift */; };
		117E1BE51F54A4990046DC52 /* DefaultTheme.swift in Sources */ = {isa = PBXBuildFile; fileRef = 117E1BE41F54A4990046DC52 /* DefaultTheme.swift */; };
		11815AA61FD40A24005E4E56 /* AutoLens.stencil in Resources */ = {isa = PBXBuildFile; fileRef = 11815AA51FD40A24005E4E56 /* AutoLens.stencil */; };
		1186B5D61F1D4A9700C72928 /* WSTagsField.framework in Frameworks */ = {isa = PBXBuildFile; fileRef = 11AE3C721F194E1700A13A74 /* WSTagsField.framework */; };
		118AA0351F8EB7180014CA3D /* NotebookEvaluator.swift in Sources */ = {isa = PBXBuildFile; fileRef = 118AA0341F8EB7180014CA3D /* NotebookEvaluator.swift */; };
		118D89B21F607AA40038EB6A /* Notepad.framework in Frameworks */ = {isa = PBXBuildFile; fileRef = 119955FC1F07C0FD007AB79A /* Notepad.framework */; };
		118D89B31F607C430038EB6A /* ThemeManager.swift in Sources */ = {isa = PBXBuildFile; fileRef = 117E1BE21F54A43A0046DC52 /* ThemeManager.swift */; };
		1190D5AC1FC1CEA90064D569 /* AutoEquatable.stencil in Resources */ = {isa = PBXBuildFile; fileRef = 1190D5AB1FC1CEA90064D569 /* AutoEquatable.stencil */; };
		1190D5AD1FC1CEA90064D569 /* AutoEquatable.stencil in Resources */ = {isa = PBXBuildFile; fileRef = 1190D5AB1FC1CEA90064D569 /* AutoEquatable.stencil */; };
		1190D5AF1FC1D44E0064D569 /* AutoEquatable.generated.swift in Sources */ = {isa = PBXBuildFile; fileRef = 1190D5AE1FC1D44E0064D569 /* AutoEquatable.generated.swift */; };
		1190D5B01FC1D44E0064D569 /* AutoEquatable.generated.swift in Sources */ = {isa = PBXBuildFile; fileRef = 1190D5AE1FC1D44E0064D569 /* AutoEquatable.generated.swift */; };
		1190D5B21FC1D4AF0064D569 /* SourceryProtocols.swift in Sources */ = {isa = PBXBuildFile; fileRef = 1190D5B11FC1D4AF0064D569 /* SourceryProtocols.swift */; };
		1190D5B31FC1D4AF0064D569 /* SourceryProtocols.swift in Sources */ = {isa = PBXBuildFile; fileRef = 1190D5B11FC1D4AF0064D569 /* SourceryProtocols.swift */; };
		11AD36AE1F1D4AC200D9E0A9 /* WSTagsField.framework in Copy Files */ = {isa = PBXBuildFile; fileRef = 11AE3C721F194E1700A13A74 /* WSTagsField.framework */; settings = {ATTRIBUTES = (CodeSignOnCopy, RemoveHeadersOnCopy, ); }; };
		11AE3C761F194E7D00A13A74 /* WSTagsField.framework in Frameworks */ = {isa = PBXBuildFile; fileRef = 11AE3C721F194E1700A13A74 /* WSTagsField.framework */; };
		11B705861EEB42570039A863 /* Assets.xcassets in Resources */ = {isa = PBXBuildFile; fileRef = 11B705851EEB42570039A863 /* Assets.xcassets */; };
		11B705891EEB42570039A863 /* LaunchScreen.storyboard in Resources */ = {isa = PBXBuildFile; fileRef = 11B705871EEB42570039A863 /* LaunchScreen.storyboard */; };
		11B705A11EEBCB0E0039A863 /* Nimble.framework in Frameworks */ = {isa = PBXBuildFile; fileRef = 11B7059F1EEBCB0E0039A863 /* Nimble.framework */; };
		11B705A21EEBCB0E0039A863 /* Quick.framework in Frameworks */ = {isa = PBXBuildFile; fileRef = 11B705A01EEBCB0E0039A863 /* Quick.framework */; };
		11B705A41EEBCB3E0039A863 /* Nimble.framework in Copy Files */ = {isa = PBXBuildFile; fileRef = 11B7059F1EEBCB0E0039A863 /* Nimble.framework */; settings = {ATTRIBUTES = (CodeSignOnCopy, RemoveHeadersOnCopy, ); }; };
		11B705A51EEBCB3E0039A863 /* Quick.framework in Copy Files */ = {isa = PBXBuildFile; fileRef = 11B705A01EEBCB0E0039A863 /* Quick.framework */; settings = {ATTRIBUTES = (CodeSignOnCopy, RemoveHeadersOnCopy, ); }; };
		11C41FEE1F7444EC00397DD9 /* LibraryViewController.swift in Sources */ = {isa = PBXBuildFile; fileRef = 11C41FEC1F7444EC00397DD9 /* LibraryViewController.swift */; };
		11C41FEF1F7444EC00397DD9 /* LibraryViewController.xib in Resources */ = {isa = PBXBuildFile; fileRef = 11C41FED1F7444EC00397DD9 /* LibraryViewController.xib */; };
		11C41FF11F74477300397DD9 /* LibraryCoordinator.swift in Sources */ = {isa = PBXBuildFile; fileRef = 11C41FF01F74477300397DD9 /* LibraryCoordinator.swift */; };
		11CDB3E41F969BE20014C58F /* TableViewCell+Extensions.swift in Sources */ = {isa = PBXBuildFile; fileRef = 11FA13211F6B0B6500B09A92 /* TableViewCell+Extensions.swift */; };
		11CDB3E71F969C130014C58F /* LibraryEvaluator.swift in Sources */ = {isa = PBXBuildFile; fileRef = 11EA22251F8A105A0042CB96 /* LibraryEvaluator.swift */; };
		11E39D741FC494C500D9232D /* Difference.framework in Copy Files */ = {isa = PBXBuildFile; fileRef = 11E39D731FC494C500D9232D /* Difference.framework */; settings = {ATTRIBUTES = (CodeSignOnCopy, RemoveHeadersOnCopy, ); }; };
		11E39D771FC4C12900D9232D /* EqualDiffMatcher.swift in Sources */ = {isa = PBXBuildFile; fileRef = 11E39D761FC4C12900D9232D /* EqualDiffMatcher.swift */; };
		11EA22261F8A105A0042CB96 /* LibraryEvaluator.swift in Sources */ = {isa = PBXBuildFile; fileRef = 11EA22251F8A105A0042CB96 /* LibraryEvaluator.swift */; };
		11F144BA1F07A7CF0073EBE6 /* Result.framework in Frameworks */ = {isa = PBXBuildFile; fileRef = 11B705A71EEBD3810039A863 /* Result.framework */; };
		11FA13221F6B0B6500B09A92 /* TableViewCell+Extensions.swift in Sources */ = {isa = PBXBuildFile; fileRef = 11FA13211F6B0B6500B09A92 /* TableViewCell+Extensions.swift */; };
		11FBDBAB1EED946D00135646 /* Result.framework in Frameworks */ = {isa = PBXBuildFile; fileRef = 11B705A71EEBD3810039A863 /* Result.framework */; };
		11FBDBAC1EED947700135646 /* Result.framework in Copy Files */ = {isa = PBXBuildFile; fileRef = 11B705A71EEBD3810039A863 /* Result.framework */; settings = {ATTRIBUTES = (CodeSignOnCopy, RemoveHeadersOnCopy, ); }; };
		B212515A4CD07F0490A3D3FF /* NotebookViewController.swift in Sources */ = {isa = PBXBuildFile; fileRef = B212585B6051AFE4EAD9C533 /* NotebookViewController.swift */; };
		B212519979AE4BCC7FA2E105 /* NotebookCoordinator.swift in Sources */ = {isa = PBXBuildFile; fileRef = B21253A25C12346913B6A7E7 /* NotebookCoordinator.swift */; };
		B21253EDB6147747CE4F0A25 /* NoteEvaluator.swift in Sources */ = {isa = PBXBuildFile; fileRef = B212579A3ECACA82786D76AC /* NoteEvaluator.swift */; };
		B212560DBEB110ABCFB85CAB /* NoteCoordinator.swift in Sources */ = {isa = PBXBuildFile; fileRef = B21251BE0B642526ED62C276 /* NoteCoordinator.swift */; };
		B21258D0176F22AE3C4E539F /* AppCoordinator.swift in Sources */ = {isa = PBXBuildFile; fileRef = B2125126D56FD2264621CE3E /* AppCoordinator.swift */; };
		B2125985206C842279B2FDB5 /* NoteEvaluator.swift in Sources */ = {isa = PBXBuildFile; fileRef = B212579A3ECACA82786D76AC /* NoteEvaluator.swift */; };
		B2125A06DCB1F626D494BE69 /* NoteViewController.swift in Sources */ = {isa = PBXBuildFile; fileRef = B212509F1CE5CE5D33073575 /* NoteViewController.swift */; };
		B2125A350E9E9A7EB48B860B /* AppDelegate.swift in Sources */ = {isa = PBXBuildFile; fileRef = B2125128CF1F8E978F890901 /* AppDelegate.swift */; };
		B2125BF2988035A626C6ACD6 /* NoteViewController.xib in Resources */ = {isa = PBXBuildFile; fileRef = B212582D32BF29A7535DA4AD /* NoteViewController.xib */; };
		B2125F574C739CB38F732AF9 /* AppDependency.swift in Sources */ = {isa = PBXBuildFile; fileRef = B21257910994F34B22D87954 /* AppDependency.swift */; };
		B2125F8B11D14C44265086F1 /* NotebookViewController.xib in Resources */ = {isa = PBXBuildFile; fileRef = B212595097B91381FC124A0F /* NotebookViewController.xib */; };
/* End PBXBuildFile section */

/* Begin PBXContainerItemProxy section */
		1150D2DC1FE4339800AC1427 /* PBXContainerItemProxy */ = {
			isa = PBXContainerItemProxy;
			containerPortal = 11B705731EEB42560039A863 /* Project object */;
			proxyType = 1;
			remoteGlobalIDString = 1150D2D61FE4339800AC1427;
			remoteInfo = Prelude;
		};
		1150D3031FE433C000AC1427 /* PBXContainerItemProxy */ = {
			isa = PBXContainerItemProxy;
			containerPortal = 11B705731EEB42560039A863 /* Project object */;
			proxyType = 1;
			remoteGlobalIDString = 1150D2F81FE433C000AC1427;
			remoteInfo = Core;
		};
		1150D30C1FE433C000AC1427 /* PBXContainerItemProxy */ = {
			isa = PBXContainerItemProxy;
			containerPortal = 11B705731EEB42560039A863 /* Project object */;
			proxyType = 1;
			remoteGlobalIDString = 1150D2F81FE433C000AC1427;
			remoteInfo = Core;
		};
		11B705901EEB42570039A863 /* PBXContainerItemProxy */ = {
			isa = PBXContainerItemProxy;
			containerPortal = 11B705731EEB42560039A863 /* Project object */;
			proxyType = 1;
			remoteGlobalIDString = 11B7057A1EEB42570039A863;
			remoteInfo = QuNotes;
		};
/* End PBXContainerItemProxy section */

/* Begin PBXCopyFilesBuildPhase section */
		1150D3371FE43A0100AC1427 /* CopyFiles */ = {
			isa = PBXCopyFilesBuildPhase;
			buildActionMask = 2147483647;
			dstPath = "";
			dstSubfolderSpec = 10;
			files = (
				1150D3471FE43F3800AC1427 /* Result.framework in CopyFiles */,
				1150D3441FE43F2A00AC1427 /* Difference.framework in CopyFiles */,
				1150D3451FE43F2A00AC1427 /* Nimble.framework in CopyFiles */,
				1150D3461FE43F2A00AC1427 /* Quick.framework in CopyFiles */,
			);
			runOnlyForDeploymentPostprocessing = 0;
		};
		1150D35F1FE4541F00AC1427 /* CopyFiles */ = {
			isa = PBXCopyFilesBuildPhase;
			buildActionMask = 2147483647;
			dstPath = "";
			dstSubfolderSpec = 10;
			files = (
				1150D3601FE4542B00AC1427 /* WSTagsField.framework in CopyFiles */,
				1150D3611FE4542B00AC1427 /* Notepad.framework in CopyFiles */,
				1150D3621FE4542B00AC1427 /* Result.framework in CopyFiles */,
			);
			runOnlyForDeploymentPostprocessing = 0;
		};
		11B705A31EEBCB1D0039A863 /* Copy Files */ = {
			isa = PBXCopyFilesBuildPhase;
			buildActionMask = 2147483647;
			dstPath = "";
			dstSubfolderSpec = 10;
			files = (
				11E39D741FC494C500D9232D /* Difference.framework in Copy Files */,
				11AD36AE1F1D4AC200D9E0A9 /* WSTagsField.framework in Copy Files */,
				117636371F07FA4B000A5CFC /* Notepad.framework in Copy Files */,
				11FBDBAC1EED947700135646 /* Result.framework in Copy Files */,
				11B705A41EEBCB3E0039A863 /* Nimble.framework in Copy Files */,
				11B705A51EEBCB3E0039A863 /* Quick.framework in Copy Files */,
			);
			name = "Copy Files";
			runOnlyForDeploymentPostprocessing = 0;
		};
		11EE0E971FE3131F00BB9D47 /* Embed Frameworks */ = {
			isa = PBXCopyFilesBuildPhase;
			buildActionMask = 2147483647;
			dstPath = "";
			dstSubfolderSpec = 10;
			files = (
				1150D2DF1FE4339800AC1427 /* Prelude.framework in Embed Frameworks */,
				1150D30F1FE433C000AC1427 /* Core.framework in Embed Frameworks */,
			);
			name = "Embed Frameworks";
			runOnlyForDeploymentPostprocessing = 0;
		};
/* End PBXCopyFilesBuildPhase section */

/* Begin PBXFileReference section */
		1109567A1F99307A0043AE2D /* NotebookEvaluatorSpec.swift */ = {isa = PBXFileReference; lastKnownFileType = sourcecode.swift; path = NotebookEvaluatorSpec.swift; sourceTree = "<group>"; };
		1109567C1F993E190043AE2D /* LibraryEvaluatorSpec.swift */ = {isa = PBXFileReference; lastKnownFileType = sourcecode.swift; path = LibraryEvaluatorSpec.swift; sourceTree = "<group>"; };
		11096D291F59EF4F00E1623C /* Operators.swift */ = {isa = PBXFileReference; fileEncoding = 4; lastKnownFileType = sourcecode.swift; path = Operators.swift; sourceTree = "<group>"; };
		111161E01FA7B5B600023B27 /* NotebookSpec.swift */ = {isa = PBXFileReference; lastKnownFileType = sourcecode.swift; path = NotebookSpec.swift; sourceTree = "<group>"; };
		111161E21FA7B61100023B27 /* NoteSpec.swift */ = {isa = PBXFileReference; lastKnownFileType = sourcecode.swift; path = NoteSpec.swift; sourceTree = "<group>"; };
		111743701F520C24006EDA89 /* NavigationController.swift */ = {isa = PBXFileReference; lastKnownFileType = sourcecode.swift; path = NavigationController.swift; sourceTree = "<group>"; };
		111743741F5216AC006EDA89 /* Coordinator.swift */ = {isa = PBXFileReference; lastKnownFileType = sourcecode.swift; path = Coordinator.swift; sourceTree = "<group>"; };
		112D49821EF5391400C75B6A /* main.swift */ = {isa = PBXFileReference; fileEncoding = 4; lastKnownFileType = sourcecode.swift; path = main.swift; sourceTree = "<group>"; };
		113504291F16BA01001938FD /* Array+Extensions.swift */ = {isa = PBXFileReference; lastKnownFileType = sourcecode.swift; path = "Array+Extensions.swift"; sourceTree = "<group>"; };
		11429F7E1FD4227900A537E2 /* AutoLens.generated.swift */ = {isa = PBXFileReference; fileEncoding = 4; lastKnownFileType = sourcecode.swift; path = AutoLens.generated.swift; sourceTree = "<group>"; };
		1150D2D71FE4339800AC1427 /* Prelude.framework */ = {isa = PBXFileReference; explicitFileType = wrapper.framework; includeInIndex = 0; path = Prelude.framework; sourceTree = BUILT_PRODUCTS_DIR; };
		1150D2D91FE4339800AC1427 /* Prelude.h */ = {isa = PBXFileReference; lastKnownFileType = sourcecode.c.h; path = Prelude.h; sourceTree = "<group>"; };
		1150D2DA1FE4339800AC1427 /* Info.plist */ = {isa = PBXFileReference; lastKnownFileType = text.plist.xml; path = Info.plist; sourceTree = "<group>"; };
		1150D2F91FE433C000AC1427 /* Core.framework */ = {isa = PBXFileReference; explicitFileType = wrapper.framework; includeInIndex = 0; path = Core.framework; sourceTree = BUILT_PRODUCTS_DIR; };
		1150D2FB1FE433C000AC1427 /* Core.h */ = {isa = PBXFileReference; lastKnownFileType = sourcecode.c.h; path = Core.h; sourceTree = "<group>"; };
		1150D2FC1FE433C000AC1427 /* Info.plist */ = {isa = PBXFileReference; lastKnownFileType = text.plist.xml; path = Info.plist; sourceTree = "<group>"; };
		1150D3011FE433C000AC1427 /* CoreTests.xctest */ = {isa = PBXFileReference; explicitFileType = wrapper.cfbundle; includeInIndex = 0; path = CoreTests.xctest; sourceTree = BUILT_PRODUCTS_DIR; };
		1150D30A1FE433C000AC1427 /* Info.plist */ = {isa = PBXFileReference; lastKnownFileType = text.plist.xml; path = Info.plist; sourceTree = "<group>"; };
		1150D3501FE4532400AC1427 /* QuNotesUI.framework */ = {isa = PBXFileReference; explicitFileType = wrapper.framework; includeInIndex = 0; path = QuNotesUI.framework; sourceTree = BUILT_PRODUCTS_DIR; };
		1150D3521FE4532400AC1427 /* QuNotesUI.h */ = {isa = PBXFileReference; lastKnownFileType = sourcecode.c.h; path = QuNotesUI.h; sourceTree = "<group>"; };
		1150D3531FE4532400AC1427 /* Info.plist */ = {isa = PBXFileReference; lastKnownFileType = text.plist.xml; path = Info.plist; sourceTree = "<group>"; };
		1150D3581FE4535A00AC1427 /* NoteDatatypes.swift */ = {isa = PBXFileReference; lastKnownFileType = sourcecode.swift; path = NoteDatatypes.swift; sourceTree = "<group>"; };
		1153327A1FACFCF3008FEC2A /* Library.swift */ = {isa = PBXFileReference; lastKnownFileType = sourcecode.swift; path = Library.swift; sourceTree = "<group>"; };
		1153327D1FACFD02008FEC2A /* LibrarySpec.swift */ = {isa = PBXFileReference; lastKnownFileType = sourcecode.swift; path = LibrarySpec.swift; sourceTree = "<group>"; };
		115818A41F6B06F4009C9BB2 /* NoteTableViewCell.swift */ = {isa = PBXFileReference; lastKnownFileType = sourcecode.swift; path = NoteTableViewCell.swift; sourceTree = "<group>"; };
		115818A51F6B06F4009C9BB2 /* NoteTableViewCell.xib */ = {isa = PBXFileReference; lastKnownFileType = file.xib; path = NoteTableViewCell.xib; sourceTree = "<group>"; };
		1160CCDD1F954A560033E9E2 /* NoteEvaluatorSpec.swift */ = {isa = PBXFileReference; lastKnownFileType = sourcecode.swift; path = NoteEvaluatorSpec.swift; sourceTree = "<group>"; };
		116879881F798EC2009461D6 /* LibraryTableViewCell.swift */ = {isa = PBXFileReference; lastKnownFileType = sourcecode.swift; path = LibraryTableViewCell.swift; sourceTree = "<group>"; };
		116879891F798EC2009461D6 /* LibraryTableViewCell.xib */ = {isa = PBXFileReference; lastKnownFileType = file.xib; path = LibraryTableViewCell.xib; sourceTree = "<group>"; };
		116E40B71FC0BE570096BC6C /* FailingFileExecuter.swift */ = {isa = PBXFileReference; lastKnownFileType = sourcecode.swift; path = FailingFileExecuter.swift; sourceTree = "<group>"; };
		117D151B1FB61CCA00410F6F /* FileExecuter.swift */ = {isa = PBXFileReference; lastKnownFileType = sourcecode.swift; path = FileExecuter.swift; sourceTree = "<group>"; };
		117D151E1FB63F4500410F6F /* URL+Extensions.swift */ = {isa = PBXFileReference; lastKnownFileType = sourcecode.swift; path = "URL+Extensions.swift"; sourceTree = "<group>"; };
		117D15211FB63F5E00410F6F /* URL+ExtensionsSpec.swift */ = {isa = PBXFileReference; lastKnownFileType = sourcecode.swift; path = "URL+ExtensionsSpec.swift"; sourceTree = "<group>"; };
		117E1BE21F54A43A0046DC52 /* ThemeManager.swift */ = {isa = PBXFileReference; lastKnownFileType = sourcecode.swift; path = ThemeManager.swift; sourceTree = "<group>"; };
		117E1BE41F54A4990046DC52 /* DefaultTheme.swift */ = {isa = PBXFileReference; lastKnownFileType = sourcecode.swift; path = DefaultTheme.swift; sourceTree = "<group>"; };
		11815AA51FD40A24005E4E56 /* AutoLens.stencil */ = {isa = PBXFileReference; fileEncoding = 4; lastKnownFileType = text; path = AutoLens.stencil; sourceTree = "<group>"; };
		118AA0341F8EB7180014CA3D /* NotebookEvaluator.swift */ = {isa = PBXFileReference; lastKnownFileType = sourcecode.swift; path = NotebookEvaluator.swift; sourceTree = "<group>"; };
		1190D5AB1FC1CEA90064D569 /* AutoEquatable.stencil */ = {isa = PBXFileReference; fileEncoding = 4; lastKnownFileType = text; path = AutoEquatable.stencil; sourceTree = "<group>"; };
		1190D5AE1FC1D44E0064D569 /* AutoEquatable.generated.swift */ = {isa = PBXFileReference; fileEncoding = 4; lastKnownFileType = sourcecode.swift; path = AutoEquatable.generated.swift; sourceTree = "<group>"; };
		1190D5B11FC1D4AF0064D569 /* SourceryProtocols.swift */ = {isa = PBXFileReference; lastKnownFileType = sourcecode.swift; path = SourceryProtocols.swift; sourceTree = "<group>"; };
		119955FC1F07C0FD007AB79A /* Notepad.framework */ = {isa = PBXFileReference; lastKnownFileType = wrapper.framework; name = Notepad.framework; path = Carthage/Build/iOS/Notepad.framework; sourceTree = "<group>"; };
		11A1FE611FA7B3C1006BAF4C /* Notebook.swift */ = {isa = PBXFileReference; lastKnownFileType = sourcecode.swift; path = Notebook.swift; sourceTree = "<group>"; };
		11A1FE651FA7B41D006BAF4C /* Note.swift */ = {isa = PBXFileReference; lastKnownFileType = sourcecode.swift; path = Note.swift; sourceTree = "<group>"; };
		11AE3C721F194E1700A13A74 /* WSTagsField.framework */ = {isa = PBXFileReference; lastKnownFileType = wrapper.framework; name = WSTagsField.framework; path = Carthage/Build/iOS/WSTagsField.framework; sourceTree = "<group>"; };
		11B7057B1EEB42570039A863 /* QuNotes.app */ = {isa = PBXFileReference; explicitFileType = wrapper.application; includeInIndex = 0; path = QuNotes.app; sourceTree = BUILT_PRODUCTS_DIR; };
		11B705851EEB42570039A863 /* Assets.xcassets */ = {isa = PBXFileReference; lastKnownFileType = folder.assetcatalog; path = Assets.xcassets; sourceTree = "<group>"; };
		11B705881EEB42570039A863 /* Base */ = {isa = PBXFileReference; lastKnownFileType = file.storyboard; name = Base; path = Base.lproj/LaunchScreen.storyboard; sourceTree = "<group>"; };
		11B7058F1EEB42570039A863 /* QuNotesTests.xctest */ = {isa = PBXFileReference; explicitFileType = wrapper.cfbundle; includeInIndex = 0; path = QuNotesTests.xctest; sourceTree = BUILT_PRODUCTS_DIR; };
		11B7059F1EEBCB0E0039A863 /* Nimble.framework */ = {isa = PBXFileReference; lastKnownFileType = wrapper.framework; name = Nimble.framework; path = Carthage/Build/iOS/Nimble.framework; sourceTree = "<group>"; };
		11B705A01EEBCB0E0039A863 /* Quick.framework */ = {isa = PBXFileReference; lastKnownFileType = wrapper.framework; name = Quick.framework; path = Carthage/Build/iOS/Quick.framework; sourceTree = "<group>"; };
		11B705A71EEBD3810039A863 /* Result.framework */ = {isa = PBXFileReference; lastKnownFileType = wrapper.framework; name = Result.framework; path = Carthage/Build/iOS/Result.framework; sourceTree = "<group>"; };
		11C1B7BA1FE315B5009B1D3A /* Operators.swift */ = {isa = PBXFileReference; lastKnownFileType = sourcecode.swift; path = Operators.swift; sourceTree = "<group>"; };
		11C1B7BC1FE315DA009B1D3A /* Lens.swift */ = {isa = PBXFileReference; lastKnownFileType = sourcecode.swift; path = Lens.swift; sourceTree = "<group>"; };
		11C1B7BF1FE31708009B1D3A /* Curry.swift */ = {isa = PBXFileReference; lastKnownFileType = sourcecode.swift; path = Curry.swift; sourceTree = "<group>"; };
		11C1B7C41FE319BB009B1D3A /* AutoLensCore.stencil */ = {isa = PBXFileReference; fileEncoding = 4; lastKnownFileType = text; path = AutoLensCore.stencil; sourceTree = "<group>"; };
		11C1B7C51FE319BB009B1D3A /* AutoEquatableCore.stencil */ = {isa = PBXFileReference; fileEncoding = 4; lastKnownFileType = text; path = AutoEquatableCore.stencil; sourceTree = "<group>"; };
		11C1B7C81FE31B25009B1D3A /* SourceryProtocols.swift */ = {isa = PBXFileReference; lastKnownFileType = sourcecode.swift; path = SourceryProtocols.swift; sourceTree = "<group>"; };
		11C1B7CB1FE31D7B009B1D3A /* AutoLensCore.generated.swift */ = {isa = PBXFileReference; fileEncoding = 4; lastKnownFileType = sourcecode.swift; path = AutoLensCore.generated.swift; sourceTree = "<group>"; };
		11C1B7CC1FE31D7B009B1D3A /* AutoEquatableCore.generated.swift */ = {isa = PBXFileReference; fileEncoding = 4; lastKnownFileType = sourcecode.swift; path = AutoEquatableCore.generated.swift; sourceTree = "<group>"; };
		11C41FEC1F7444EC00397DD9 /* LibraryViewController.swift */ = {isa = PBXFileReference; lastKnownFileType = sourcecode.swift; path = LibraryViewController.swift; sourceTree = "<group>"; };
		11C41FED1F7444EC00397DD9 /* LibraryViewController.xib */ = {isa = PBXFileReference; lastKnownFileType = file.xib; path = LibraryViewController.xib; sourceTree = "<group>"; };
		11C41FF01F74477300397DD9 /* LibraryCoordinator.swift */ = {isa = PBXFileReference; lastKnownFileType = sourcecode.swift; path = LibraryCoordinator.swift; sourceTree = "<group>"; };
		11E39D731FC494C500D9232D /* Difference.framework */ = {isa = PBXFileReference; lastKnownFileType = wrapper.framework; name = Difference.framework; path = Carthage/Build/iOS/Difference.framework; sourceTree = "<group>"; };
		11E39D761FC4C12900D9232D /* EqualDiffMatcher.swift */ = {isa = PBXFileReference; lastKnownFileType = sourcecode.swift; path = EqualDiffMatcher.swift; sourceTree = "<group>"; };
		11EA22251F8A105A0042CB96 /* LibraryEvaluator.swift */ = {isa = PBXFileReference; lastKnownFileType = sourcecode.swift; path = LibraryEvaluator.swift; sourceTree = "<group>"; };
		11FA13211F6B0B6500B09A92 /* TableViewCell+Extensions.swift */ = {isa = PBXFileReference; lastKnownFileType = sourcecode.swift; path = "TableViewCell+Extensions.swift"; sourceTree = "<group>"; };
		11FBDBC41EED987400135646 /* Info.plist */ = {isa = PBXFileReference; fileEncoding = 4; lastKnownFileType = text.plist.xml; name = Info.plist; path = Resources/Info.plist; sourceTree = "<group>"; };
		11FBDBC51EED987400135646 /* QuNotesTestsInfo.plist */ = {isa = PBXFileReference; fileEncoding = 4; lastKnownFileType = text.plist.xml; name = QuNotesTestsInfo.plist; path = Resources/QuNotesTestsInfo.plist; sourceTree = "<group>"; };
		B212509F1CE5CE5D33073575 /* NoteViewController.swift */ = {isa = PBXFileReference; fileEncoding = 4; lastKnownFileType = sourcecode.swift; path = NoteViewController.swift; sourceTree = "<group>"; };
		B2125126D56FD2264621CE3E /* AppCoordinator.swift */ = {isa = PBXFileReference; fileEncoding = 4; lastKnownFileType = sourcecode.swift; path = AppCoordinator.swift; sourceTree = "<group>"; };
		B2125128CF1F8E978F890901 /* AppDelegate.swift */ = {isa = PBXFileReference; fileEncoding = 4; lastKnownFileType = sourcecode.swift; path = AppDelegate.swift; sourceTree = "<group>"; };
		B21251BE0B642526ED62C276 /* NoteCoordinator.swift */ = {isa = PBXFileReference; fileEncoding = 4; lastKnownFileType = sourcecode.swift; path = NoteCoordinator.swift; sourceTree = "<group>"; };
		B21253A25C12346913B6A7E7 /* NotebookCoordinator.swift */ = {isa = PBXFileReference; fileEncoding = 4; lastKnownFileType = sourcecode.swift; path = NotebookCoordinator.swift; sourceTree = "<group>"; };
		B21257910994F34B22D87954 /* AppDependency.swift */ = {isa = PBXFileReference; fileEncoding = 4; lastKnownFileType = sourcecode.swift; path = AppDependency.swift; sourceTree = "<group>"; };
		B212579A3ECACA82786D76AC /* NoteEvaluator.swift */ = {isa = PBXFileReference; fileEncoding = 4; lastKnownFileType = sourcecode.swift; path = NoteEvaluator.swift; sourceTree = "<group>"; };
		B212582D32BF29A7535DA4AD /* NoteViewController.xib */ = {isa = PBXFileReference; lastKnownFileType = file.xib; path = NoteViewController.xib; sourceTree = "<group>"; };
		B212585B6051AFE4EAD9C533 /* NotebookViewController.swift */ = {isa = PBXFileReference; fileEncoding = 4; lastKnownFileType = sourcecode.swift; path = NotebookViewController.swift; sourceTree = "<group>"; };
		B212595097B91381FC124A0F /* NotebookViewController.xib */ = {isa = PBXFileReference; lastKnownFileType = file.xib; path = NotebookViewController.xib; sourceTree = "<group>"; };
/* End PBXFileReference section */

/* Begin PBXFrameworksBuildPhase section */
		1150D2D31FE4339800AC1427 /* Frameworks */ = {
			isa = PBXFrameworksBuildPhase;
			buildActionMask = 2147483647;
			files = (
			);
			runOnlyForDeploymentPostprocessing = 0;
		};
		1150D2F51FE433C000AC1427 /* Frameworks */ = {
			isa = PBXFrameworksBuildPhase;
			buildActionMask = 2147483647;
			files = (
				1150D32A1FE437EF00AC1427 /* Result.framework in Frameworks */,
				1150D31C1FE4347D00AC1427 /* Prelude.framework in Frameworks */,
			);
			runOnlyForDeploymentPostprocessing = 0;
		};
		1150D2FE1FE433C000AC1427 /* Frameworks */ = {
			isa = PBXFrameworksBuildPhase;
			buildActionMask = 2147483647;
			files = (
				1150D3481FE43F5200AC1427 /* Result.framework in Frameworks */,
				1150D3301FE4385C00AC1427 /* Quick.framework in Frameworks */,
				1150D3311FE4385C00AC1427 /* Nimble.framework in Frameworks */,
				1150D3321FE4385C00AC1427 /* Difference.framework in Frameworks */,
			);
			runOnlyForDeploymentPostprocessing = 0;
		};
		1150D34C1FE4532400AC1427 /* Frameworks */ = {
			isa = PBXFrameworksBuildPhase;
			buildActionMask = 2147483647;
			files = (
				1150D35C1FE4541900AC1427 /* WSTagsField.framework in Frameworks */,
				1150D35D1FE4541900AC1427 /* Result.framework in Frameworks */,
				1150D35E1FE4541900AC1427 /* Notepad.framework in Frameworks */,
			);
			runOnlyForDeploymentPostprocessing = 0;
		};
		11B705781EEB42570039A863 /* Frameworks */ = {
			isa = PBXFrameworksBuildPhase;
			buildActionMask = 2147483647;
			files = (
				1150D30E1FE433C000AC1427 /* Core.framework in Frameworks */,
				111743721F521295006EDA89 /* Notepad.framework in Frameworks */,
				11F144BA1F07A7CF0073EBE6 /* Result.framework in Frameworks */,
				1150D2DE1FE4339800AC1427 /* Prelude.framework in Frameworks */,
				11AE3C761F194E7D00A13A74 /* WSTagsField.framework in Frameworks */,
			);
			runOnlyForDeploymentPostprocessing = 0;
		};
		11B7058C1EEB42570039A863 /* Frameworks */ = {
			isa = PBXFrameworksBuildPhase;
			buildActionMask = 2147483647;
			files = (
				118D89B21F607AA40038EB6A /* Notepad.framework in Frameworks */,
				11FBDBAB1EED946D00135646 /* Result.framework in Frameworks */,
				11B705A11EEBCB0E0039A863 /* Nimble.framework in Frameworks */,
				1186B5D61F1D4A9700C72928 /* WSTagsField.framework in Frameworks */,
				11B705A21EEBCB0E0039A863 /* Quick.framework in Frameworks */,
			);
			runOnlyForDeploymentPostprocessing = 0;
		};
/* End PBXFrameworksBuildPhase section */

/* Begin PBXGroup section */
		1117436E1F520BC7006EDA89 /* Common */ = {
			isa = PBXGroup;
			children = (
				111743731F521689006EDA89 /* Protocols */,
				1117436F1F520C10006EDA89 /* NavigationViewController */,
			);
			path = Common;
			sourceTree = "<group>";
		};
		1117436F1F520C10006EDA89 /* NavigationViewController */ = {
			isa = PBXGroup;
			children = (
				111743701F520C24006EDA89 /* NavigationController.swift */,
			);
			path = NavigationViewController;
			sourceTree = "<group>";
		};
		111743731F521689006EDA89 /* Protocols */ = {
			isa = PBXGroup;
			children = (
				111743741F5216AC006EDA89 /* Coordinator.swift */,
			);
			path = Protocols;
			sourceTree = "<group>";
		};
		113504271F16B9C2001938FD /* Utility */ = {
			isa = PBXGroup;
			children = (
				11096D291F59EF4F00E1623C /* Operators.swift */,
				113504281F16B9D8001938FD /* Extensions */,
				11E39D751FC4C10500D9232D /* Nimble */,
				1190D5A11FC1CCAE0064D569 /* Sourcery */,
			);
			path = Utility;
			sourceTree = "<group>";
		};
		113504281F16B9D8001938FD /* Extensions */ = {
			isa = PBXGroup;
			children = (
				11FA13211F6B0B6500B09A92 /* TableViewCell+Extensions.swift */,
				117D151E1FB63F4500410F6F /* URL+Extensions.swift */,
				117D15211FB63F5E00410F6F /* URL+ExtensionsSpec.swift */,
			);
			path = Extensions;
			sourceTree = "<group>";
		};
		1150D2D81FE4339800AC1427 /* Prelude */ = {
			isa = PBXGroup;
			children = (
				11C1B7BA1FE315B5009B1D3A /* Operators.swift */,
				11C1B7BC1FE315DA009B1D3A /* Lens.swift */,
				11C1B7BF1FE31708009B1D3A /* Curry.swift */,
				1150D2D91FE4339800AC1427 /* Prelude.h */,
				1150D2DA1FE4339800AC1427 /* Info.plist */,
			);
			path = Prelude;
			sourceTree = "<group>";
		};
		1150D2FA1FE433C000AC1427 /* Core */ = {
			isa = PBXGroup;
			children = (
				115332791FACFCD3008FEC2A /* Library */,
				11A1FE601FA7B335006BAF4C /* Notebook */,
				11A1FE641FA7B405006BAF4C /* Note */,
				1150D3331FE438FE00AC1427 /* Utility */,
				1150D2FB1FE433C000AC1427 /* Core.h */,
				1150D2FC1FE433C000AC1427 /* Info.plist */,
			);
			path = Core;
			sourceTree = "<group>";
		};
		1150D3071FE433C000AC1427 /* CoreTests */ = {
			isa = PBXGroup;
			children = (
				1150D30A1FE433C000AC1427 /* Info.plist */,
			);
			path = CoreTests;
			sourceTree = "<group>";
		};
		1150D32B1FE4380500AC1427 /* Extensions */ = {
			isa = PBXGroup;
			children = (
				113504291F16BA01001938FD /* Array+Extensions.swift */,
			);
			path = Extensions;
			sourceTree = "<group>";
		};
		1150D3331FE438FE00AC1427 /* Utility */ = {
			isa = PBXGroup;
			children = (
				11C1B7C11FE3195F009B1D3A /* Sourcery */,
				1150D32B1FE4380500AC1427 /* Extensions */,
				11E39D761FC4C12900D9232D /* EqualDiffMatcher.swift */,
			);
			path = Utility;
			sourceTree = "<group>";
		};
		1150D3511FE4532400AC1427 /* QuNotesUI */ = {
			isa = PBXGroup;
			children = (
				1150D3521FE4532400AC1427 /* QuNotesUI.h */,
				1150D3531FE4532400AC1427 /* Info.plist */,
			);
			path = QuNotesUI;
			sourceTree = "<group>";
		};
		115332791FACFCD3008FEC2A /* Library */ = {
			isa = PBXGroup;
			children = (
				1153327A1FACFCF3008FEC2A /* Library.swift */,
				1153327D1FACFD02008FEC2A /* LibrarySpec.swift */,
			);
			path = Library;
			sourceTree = "<group>";
		};
		117D151A1FB61A7E00410F6F /* Executers */ = {
			isa = PBXGroup;
			children = (
				117D151B1FB61CCA00410F6F /* FileExecuter.swift */,
				116E40B71FC0BE570096BC6C /* FailingFileExecuter.swift */,
			);
			path = Executers;
			sourceTree = "<group>";
		};
		117E1BE11F54A4260046DC52 /* Theme */ = {
			isa = PBXGroup;
			children = (
				117E1BE21F54A43A0046DC52 /* ThemeManager.swift */,
				117E1BE41F54A4990046DC52 /* DefaultTheme.swift */,
			);
			path = Theme;
			sourceTree = "<group>";
		};
		1190D5A11FC1CCAE0064D569 /* Sourcery */ = {
			isa = PBXGroup;
			children = (
				1190D5B11FC1D4AF0064D569 /* SourceryProtocols.swift */,
				1190D5A31FC1CCC80064D569 /* Autogenerated */,
				1190D5A21FC1CCBF0064D569 /* Templates */,
			);
			path = Sourcery;
			sourceTree = "<group>";
		};
		1190D5A21FC1CCBF0064D569 /* Templates */ = {
			isa = PBXGroup;
			children = (
				11815AA51FD40A24005E4E56 /* AutoLens.stencil */,
				1190D5AB1FC1CEA90064D569 /* AutoEquatable.stencil */,
			);
			path = Templates;
			sourceTree = "<group>";
		};
		1190D5A31FC1CCC80064D569 /* Autogenerated */ = {
			isa = PBXGroup;
			children = (
				11429F7E1FD4227900A537E2 /* AutoLens.generated.swift */,
				1190D5AE1FC1D44E0064D569 /* AutoEquatable.generated.swift */,
			);
			path = Autogenerated;
			sourceTree = "<group>";
		};
		11A1FE601FA7B335006BAF4C /* Notebook */ = {
			isa = PBXGroup;
			children = (
				11A1FE611FA7B3C1006BAF4C /* Notebook.swift */,
				111161E01FA7B5B600023B27 /* NotebookSpec.swift */,
			);
			path = Notebook;
			sourceTree = "<group>";
		};
		11A1FE641FA7B405006BAF4C /* Note */ = {
			isa = PBXGroup;
			children = (
				11A1FE651FA7B41D006BAF4C /* Note.swift */,
				111161E21FA7B61100023B27 /* NoteSpec.swift */,
			);
			path = Note;
			sourceTree = "<group>";
		};
		11B705721EEB42560039A863 = {
			isa = PBXGroup;
			children = (
				11B7057D1EEB42570039A863 /* QuNotes */,
				1150D2FA1FE433C000AC1427 /* Core */,
				1150D2D81FE4339800AC1427 /* Prelude */,
				1150D3071FE433C000AC1427 /* CoreTests */,
				1150D3511FE4532400AC1427 /* QuNotesUI */,
				11B7057C1EEB42570039A863 /* Products */,
				11B7059E1EEBCB0E0039A863 /* Frameworks */,
			);
			sourceTree = "<group>";
		};
		11B7057C1EEB42570039A863 /* Products */ = {
			isa = PBXGroup;
			children = (
				11B7057B1EEB42570039A863 /* QuNotes.app */,
				11B7058F1EEB42570039A863 /* QuNotesTests.xctest */,
				1150D2D71FE4339800AC1427 /* Prelude.framework */,
				1150D2F91FE433C000AC1427 /* Core.framework */,
				1150D3011FE433C000AC1427 /* CoreTests.xctest */,
				1150D3501FE4532400AC1427 /* QuNotesUI.framework */,
			);
			name = Products;
			sourceTree = "<group>";
		};
		11B7057D1EEB42570039A863 /* QuNotes */ = {
			isa = PBXGroup;
			children = (
				B2125E416FA24EDECFDC71CF /* App */,
				1117436E1F520BC7006EDA89 /* Common */,
				11C41FEB1F7444AF00397DD9 /* Library */,
				B212595A5823D77A45366CC1 /* Notebook */,
				B2125CAB00D3F9B57E4B4DD4 /* Note */,
				117E1BE11F54A4260046DC52 /* Theme */,
				117D151A1FB61A7E00410F6F /* Executers */,
				113504271F16B9C2001938FD /* Utility */,
				11B705A61EEBCD600039A863 /* Resources */,
			);
			path = QuNotes;
			sourceTree = "<group>";
		};
		11B7059E1EEBCB0E0039A863 /* Frameworks */ = {
			isa = PBXGroup;
			children = (
				11E39D731FC494C500D9232D /* Difference.framework */,
				11AE3C721F194E1700A13A74 /* WSTagsField.framework */,
				119955FC1F07C0FD007AB79A /* Notepad.framework */,
				11B705A71EEBD3810039A863 /* Result.framework */,
				11B7059F1EEBCB0E0039A863 /* Nimble.framework */,
				11B705A01EEBCB0E0039A863 /* Quick.framework */,
			);
			name = Frameworks;
			sourceTree = "<group>";
		};
		11B705A61EEBCD600039A863 /* Resources */ = {
			isa = PBXGroup;
			children = (
				112D49821EF5391400C75B6A /* main.swift */,
				11FBDBC41EED987400135646 /* Info.plist */,
				11FBDBC51EED987400135646 /* QuNotesTestsInfo.plist */,
				11B705851EEB42570039A863 /* Assets.xcassets */,
				11B705871EEB42570039A863 /* LaunchScreen.storyboard */,
			);
			name = Resources;
			sourceTree = "<group>";
		};
		11C1B7C11FE3195F009B1D3A /* Sourcery */ = {
			isa = PBXGroup;
			children = (
				11C1B7C81FE31B25009B1D3A /* SourceryProtocols.swift */,
				11C1B7C31FE3196C009B1D3A /* Autogenerated */,
				11C1B7C21FE31966009B1D3A /* Templates */,
			);
			path = Sourcery;
			sourceTree = "<group>";
		};
		11C1B7C21FE31966009B1D3A /* Templates */ = {
			isa = PBXGroup;
			children = (
				11C1B7C51FE319BB009B1D3A /* AutoEquatableCore.stencil */,
				11C1B7C41FE319BB009B1D3A /* AutoLensCore.stencil */,
			);
			path = Templates;
			sourceTree = "<group>";
		};
		11C1B7C31FE3196C009B1D3A /* Autogenerated */ = {
			isa = PBXGroup;
			children = (
				11C1B7CC1FE31D7B009B1D3A /* AutoEquatableCore.generated.swift */,
				11C1B7CB1FE31D7B009B1D3A /* AutoLensCore.generated.swift */,
			);
			path = Autogenerated;
			sourceTree = "<group>";
		};
		11C41FEB1F7444AF00397DD9 /* Library */ = {
			isa = PBXGroup;
			children = (
				11C41FF01F74477300397DD9 /* LibraryCoordinator.swift */,
				11EA22251F8A105A0042CB96 /* LibraryEvaluator.swift */,
				1109567C1F993E190043AE2D /* LibraryEvaluatorSpec.swift */,
				11C41FEC1F7444EC00397DD9 /* LibraryViewController.swift */,
				11C41FED1F7444EC00397DD9 /* LibraryViewController.xib */,
				116879881F798EC2009461D6 /* LibraryTableViewCell.swift */,
				116879891F798EC2009461D6 /* LibraryTableViewCell.xib */,
			);
			path = Library;
			sourceTree = "<group>";
		};
		11E39D751FC4C10500D9232D /* Nimble */ = {
			isa = PBXGroup;
			children = (
			);
			path = Nimble;
			sourceTree = "<group>";
		};
		B212595A5823D77A45366CC1 /* Notebook */ = {
			isa = PBXGroup;
			children = (
				B21253A25C12346913B6A7E7 /* NotebookCoordinator.swift */,
				118AA0341F8EB7180014CA3D /* NotebookEvaluator.swift */,
				1109567A1F99307A0043AE2D /* NotebookEvaluatorSpec.swift */,
				B212585B6051AFE4EAD9C533 /* NotebookViewController.swift */,
				B212595097B91381FC124A0F /* NotebookViewController.xib */,
				115818A41F6B06F4009C9BB2 /* NoteTableViewCell.swift */,
				115818A51F6B06F4009C9BB2 /* NoteTableViewCell.xib */,
			);
			path = Notebook;
			sourceTree = "<group>";
		};
		B2125CAB00D3F9B57E4B4DD4 /* Note */ = {
			isa = PBXGroup;
			children = (
				1150D3581FE4535A00AC1427 /* NoteDatatypes.swift */,
				B21251BE0B642526ED62C276 /* NoteCoordinator.swift */,
				B212579A3ECACA82786D76AC /* NoteEvaluator.swift */,
				1160CCDD1F954A560033E9E2 /* NoteEvaluatorSpec.swift */,
				B212509F1CE5CE5D33073575 /* NoteViewController.swift */,
				B212582D32BF29A7535DA4AD /* NoteViewController.xib */,
			);
			path = Note;
			sourceTree = "<group>";
		};
		B2125E416FA24EDECFDC71CF /* App */ = {
			isa = PBXGroup;
			children = (
				B2125128CF1F8E978F890901 /* AppDelegate.swift */,
				B2125126D56FD2264621CE3E /* AppCoordinator.swift */,
				B21257910994F34B22D87954 /* AppDependency.swift */,
			);
			path = App;
			sourceTree = "<group>";
		};
/* End PBXGroup section */

/* Begin PBXHeadersBuildPhase section */
		1150D2D41FE4339800AC1427 /* Headers */ = {
			isa = PBXHeadersBuildPhase;
			buildActionMask = 2147483647;
			files = (
				1150D2DB1FE4339800AC1427 /* Prelude.h in Headers */,
			);
			runOnlyForDeploymentPostprocessing = 0;
		};
		1150D2F61FE433C000AC1427 /* Headers */ = {
			isa = PBXHeadersBuildPhase;
			buildActionMask = 2147483647;
			files = (
				1150D30B1FE433C000AC1427 /* Core.h in Headers */,
			);
			runOnlyForDeploymentPostprocessing = 0;
		};
		1150D34D1FE4532400AC1427 /* Headers */ = {
			isa = PBXHeadersBuildPhase;
			buildActionMask = 2147483647;
			files = (
				1150D3541FE4532400AC1427 /* QuNotesUI.h in Headers */,
			);
			runOnlyForDeploymentPostprocessing = 0;
		};
/* End PBXHeadersBuildPhase section */

/* Begin PBXNativeTarget section */
		1150D2D61FE4339800AC1427 /* Prelude */ = {
			isa = PBXNativeTarget;
			buildConfigurationList = 1150D2E21FE4339800AC1427 /* Build configuration list for PBXNativeTarget "Prelude" */;
			buildPhases = (
				1150D2D21FE4339800AC1427 /* Sources */,
				1150D2D31FE4339800AC1427 /* Frameworks */,
				1150D2D41FE4339800AC1427 /* Headers */,
				1150D2D51FE4339800AC1427 /* Resources */,
			);
			buildRules = (
			);
			dependencies = (
			);
			name = Prelude;
			productName = Prelude;
			productReference = 1150D2D71FE4339800AC1427 /* Prelude.framework */;
			productType = "com.apple.product-type.framework";
		};
		1150D2F81FE433C000AC1427 /* Core */ = {
			isa = PBXNativeTarget;
			buildConfigurationList = 1150D3101FE433C000AC1427 /* Build configuration list for PBXNativeTarget "Core" */;
			buildPhases = (
				1150D2F41FE433C000AC1427 /* Sources */,
				1150D2F51FE433C000AC1427 /* Frameworks */,
				1150D2F61FE433C000AC1427 /* Headers */,
				1150D2F71FE433C000AC1427 /* Resources */,
				1150D3191FE433FB00AC1427 /* Update sourcery templates */,
			);
			buildRules = (
			);
			dependencies = (
			);
			name = Core;
			productName = Core;
			productReference = 1150D2F91FE433C000AC1427 /* Core.framework */;
			productType = "com.apple.product-type.framework";
		};
		1150D3001FE433C000AC1427 /* CoreTests */ = {
			isa = PBXNativeTarget;
			buildConfigurationList = 1150D3131FE433C000AC1427 /* Build configuration list for PBXNativeTarget "CoreTests" */;
			buildPhases = (
				1150D2FD1FE433C000AC1427 /* Sources */,
				1150D2FE1FE433C000AC1427 /* Frameworks */,
				1150D2FF1FE433C000AC1427 /* Resources */,
				1150D3371FE43A0100AC1427 /* CopyFiles */,
			);
			buildRules = (
			);
			dependencies = (
				1150D3041FE433C000AC1427 /* PBXTargetDependency */,
			);
			name = CoreTests;
			productName = CoreTests;
			productReference = 1150D3011FE433C000AC1427 /* CoreTests.xctest */;
			productType = "com.apple.product-type.bundle.unit-test";
		};
		1150D34F1FE4532400AC1427 /* QuNotesUI */ = {
			isa = PBXNativeTarget;
			buildConfigurationList = 1150D3551FE4532400AC1427 /* Build configuration list for PBXNativeTarget "QuNotesUI" */;
			buildPhases = (
				1150D34B1FE4532400AC1427 /* Sources */,
				1150D34C1FE4532400AC1427 /* Frameworks */,
				1150D34D1FE4532400AC1427 /* Headers */,
				1150D34E1FE4532400AC1427 /* Resources */,
				1150D35F1FE4541F00AC1427 /* CopyFiles */,
			);
			buildRules = (
			);
			dependencies = (
			);
			name = QuNotesUI;
			productName = QuNotesUI;
			productReference = 1150D3501FE4532400AC1427 /* QuNotesUI.framework */;
			productType = "com.apple.product-type.framework";
		};
		11B7057A1EEB42570039A863 /* QuNotes */ = {
			isa = PBXNativeTarget;
			buildConfigurationList = 11B705981EEB42570039A863 /* Build configuration list for PBXNativeTarget "QuNotes" */;
			buildPhases = (
				11B705771EEB42570039A863 /* Sources */,
				11B705781EEB42570039A863 /* Frameworks */,
				11B705791EEB42570039A863 /* Resources */,
				11B705AA1EEBD39F0039A863 /* Copy carthage frameworks */,
				1190D5A41FC1CCEF0064D569 /* Update files generated by sourcery */,
				11EE0E971FE3131F00BB9D47 /* Embed Frameworks */,
			);
			buildRules = (
			);
			dependencies = (
				1150D2DD1FE4339800AC1427 /* PBXTargetDependency */,
				1150D30D1FE433C000AC1427 /* PBXTargetDependency */,
			);
			name = QuNotes;
			productName = QuNotes;
			productReference = 11B7057B1EEB42570039A863 /* QuNotes.app */;
			productType = "com.apple.product-type.application";
		};
		11B7058E1EEB42570039A863 /* QuNotesTests */ = {
			isa = PBXNativeTarget;
			buildConfigurationList = 11B7059B1EEB42570039A863 /* Build configuration list for PBXNativeTarget "QuNotesTests" */;
			buildPhases = (
				11B7058B1EEB42570039A863 /* Sources */,
				11B7058C1EEB42570039A863 /* Frameworks */,
				11B7058D1EEB42570039A863 /* Resources */,
				11B705A31EEBCB1D0039A863 /* Copy Files */,
			);
			buildRules = (
			);
			dependencies = (
				11B705911EEB42570039A863 /* PBXTargetDependency */,
			);
			name = QuNotesTests;
			productName = QuNotesTests;
			productReference = 11B7058F1EEB42570039A863 /* QuNotesTests.xctest */;
			productType = "com.apple.product-type.bundle.unit-test";
		};
/* End PBXNativeTarget section */

/* Begin PBXProject section */
		11B705731EEB42560039A863 /* Project object */ = {
			isa = PBXProject;
			attributes = {
				LastSwiftUpdateCheck = 0920;
				LastUpgradeCheck = 0900;
				ORGANIZATIONNAME = "Alexander Guschin";
				TargetAttributes = {
					1150D2D61FE4339800AC1427 = {
						CreatedOnToolsVersion = 9.2;
						DevelopmentTeam = LB83DKTVND;
						ProvisioningStyle = Automatic;
					};
					1150D2F81FE433C000AC1427 = {
						CreatedOnToolsVersion = 9.2;
						DevelopmentTeam = LB83DKTVND;
						ProvisioningStyle = Automatic;
					};
					1150D3001FE433C000AC1427 = {
						CreatedOnToolsVersion = 9.2;
						DevelopmentTeam = LB83DKTVND;
						ProvisioningStyle = Automatic;
					};
					1150D34F1FE4532400AC1427 = {
						CreatedOnToolsVersion = 9.2;
						DevelopmentTeam = LB83DKTVND;
						LastSwiftMigration = 0920;
						ProvisioningStyle = Automatic;
					};
					11B7057A1EEB42570039A863 = {
						CreatedOnToolsVersion = 8.3.2;
						DevelopmentTeam = LB83DKTVND;
						LastSwiftMigration = 0900;
						ProvisioningStyle = Automatic;
					};
					11B7058E1EEB42570039A863 = {
						CreatedOnToolsVersion = 8.3.2;
						DevelopmentTeam = LB83DKTVND;
						LastSwiftMigration = 0900;
						ProvisioningStyle = Automatic;
					};
				};
			};
			buildConfigurationList = 11B705761EEB42560039A863 /* Build configuration list for PBXProject "QuNotes" */;
			compatibilityVersion = "Xcode 3.2";
			developmentRegion = English;
			hasScannedForEncodings = 0;
			knownRegions = (
				en,
				Base,
			);
			mainGroup = 11B705721EEB42560039A863;
			productRefGroup = 11B7057C1EEB42570039A863 /* Products */;
			projectDirPath = "";
			projectRoot = "";
			targets = (
				11B7057A1EEB42570039A863 /* QuNotes */,
				11B7058E1EEB42570039A863 /* QuNotesTests */,
				1150D2D61FE4339800AC1427 /* Prelude */,
				1150D2F81FE433C000AC1427 /* Core */,
				1150D3001FE433C000AC1427 /* CoreTests */,
				1150D34F1FE4532400AC1427 /* QuNotesUI */,
			);
		};
/* End PBXProject section */

/* Begin PBXResourcesBuildPhase section */
		1150D2D51FE4339800AC1427 /* Resources */ = {
			isa = PBXResourcesBuildPhase;
			buildActionMask = 2147483647;
			files = (
			);
			runOnlyForDeploymentPostprocessing = 0;
		};
		1150D2F71FE433C000AC1427 /* Resources */ = {
			isa = PBXResourcesBuildPhase;
			buildActionMask = 2147483647;
			files = (
			);
			runOnlyForDeploymentPostprocessing = 0;
		};
		1150D2FF1FE433C000AC1427 /* Resources */ = {
			isa = PBXResourcesBuildPhase;
			buildActionMask = 2147483647;
			files = (
			);
			runOnlyForDeploymentPostprocessing = 0;
		};
		1150D34E1FE4532400AC1427 /* Resources */ = {
			isa = PBXResourcesBuildPhase;
			buildActionMask = 2147483647;
			files = (
			);
			runOnlyForDeploymentPostprocessing = 0;
		};
		11B705791EEB42570039A863 /* Resources */ = {
			isa = PBXResourcesBuildPhase;
			buildActionMask = 2147483647;
			files = (
				11B705891EEB42570039A863 /* LaunchScreen.storyboard in Resources */,
				1168798B1F798EC2009461D6 /* LibraryTableViewCell.xib in Resources */,
				1190D5AC1FC1CEA90064D569 /* AutoEquatable.stencil in Resources */,
				11815AA61FD40A24005E4E56 /* AutoLens.stencil in Resources */,
				11C41FEF1F7444EC00397DD9 /* LibraryViewController.xib in Resources */,
				11B705861EEB42570039A863 /* Assets.xcassets in Resources */,
				115818A71F6B06F4009C9BB2 /* NoteTableViewCell.xib in Resources */,
				B2125F8B11D14C44265086F1 /* NotebookViewController.xib in Resources */,
				B2125BF2988035A626C6ACD6 /* NoteViewController.xib in Resources */,
			);
			runOnlyForDeploymentPostprocessing = 0;
		};
		11B7058D1EEB42570039A863 /* Resources */ = {
			isa = PBXResourcesBuildPhase;
			buildActionMask = 2147483647;
			files = (
				1190D5AD1FC1CEA90064D569 /* AutoEquatable.stencil in Resources */,
			);
			runOnlyForDeploymentPostprocessing = 0;
		};
/* End PBXResourcesBuildPhase section */

/* Begin PBXShellScriptBuildPhase section */
		1150D3191FE433FB00AC1427 /* Update sourcery templates */ = {
			isa = PBXShellScriptBuildPhase;
			buildActionMask = 2147483647;
			files = (
			);
			inputPaths = (
			);
			name = "Update sourcery templates";
			outputPaths = (
			);
			runOnlyForDeploymentPostprocessing = 0;
			shellPath = /bin/sh;
			shellScript = "./Resources/Sourcery-0.9.0/bin/sourcery --sources ./Core/ --templates ./Core/Utility/Sourcery/Templates --output ./Core/Utility/Sourcery/Autogenerated";
		};
		1190D5A41FC1CCEF0064D569 /* Update files generated by sourcery */ = {
			isa = PBXShellScriptBuildPhase;
			buildActionMask = 2147483647;
			files = (
			);
			inputPaths = (
			);
			name = "Update files generated by sourcery";
			outputPaths = (
			);
			runOnlyForDeploymentPostprocessing = 0;
			shellPath = /bin/sh;
			shellScript = "./Resources/Sourcery-0.9.0/bin/sourcery --sources ./QuNotes/ --templates ./QuNotes/Utility/Sourcery/Templates/ --output ./QuNotes/Utility/Sourcery/Autogenerated/";
		};
		11B705AA1EEBD39F0039A863 /* Copy carthage frameworks */ = {
			isa = PBXShellScriptBuildPhase;
			buildActionMask = 2147483647;
			files = (
			);
			inputPaths = (
				"$(SRCROOT)/Carthage/Build/iOS/Result.framework",
				"$(SRCROOT)/Carthage/Build/iOS/Notepad.framework",
				"$(SRCROOT)/Carthage/Build/iOS/WSTagsField.framework",
			);
			name = "Copy carthage frameworks";
			outputPaths = (
				"$(BUILT_PRODUCTS_DIR)/$(FRAMEWORKS_FOLDER_PATH)/Result.framework",
				"$(BUILT_PRODUCTS_DIR)/$(FRAMEWORKS_FOLDER_PATH)/Notepad.framework",
				"$(BUILT_PRODUCTS_DIR)/$(FRAMEWORKS_FOLDER_PATH)/WSTagsField.framework",
			);
			runOnlyForDeploymentPostprocessing = 0;
			shellPath = /bin/sh;
			shellScript = "/usr/local/bin/carthage copy-frameworks";
		};
/* End PBXShellScriptBuildPhase section */

/* Begin PBXSourcesBuildPhase section */
		1150D2D21FE4339800AC1427 /* Sources */ = {
			isa = PBXSourcesBuildPhase;
			buildActionMask = 2147483647;
			files = (
				1150D3161FE433CF00AC1427 /* Lens.swift in Sources */,
				1150D3171FE433CF00AC1427 /* Curry.swift in Sources */,
				1150D3181FE433CF00AC1427 /* Operators.swift in Sources */,
			);
			runOnlyForDeploymentPostprocessing = 0;
		};
		1150D2F41FE433C000AC1427 /* Sources */ = {
			isa = PBXSourcesBuildPhase;
			buildActionMask = 2147483647;
			files = (
				1150D3211FE4371B00AC1427 /* AutoEquatableCore.generated.swift in Sources */,
				1150D3271FE4374D00AC1427 /* Library.swift in Sources */,
				1150D3201FE4371800AC1427 /* AutoLensCore.generated.swift in Sources */,
				1150D32C1FE4381400AC1427 /* Array+Extensions.swift in Sources */,
				1150D31B1FE4346C00AC1427 /* SourceryProtocols.swift in Sources */,
				1150D3241FE4374600AC1427 /* Notebook.swift in Sources */,
				1150D31D1FE4361400AC1427 /* Note.swift in Sources */,
			);
			runOnlyForDeploymentPostprocessing = 0;
		};
		1150D2FD1FE433C000AC1427 /* Sources */ = {
			isa = PBXSourcesBuildPhase;
			buildActionMask = 2147483647;
			files = (
				1150D3231FE4371E00AC1427 /* AutoLensCore.generated.swift in Sources */,
				1150D32D1FE4381500AC1427 /* Array+Extensions.swift in Sources */,
				1150D3361FE4394200AC1427 /* SourceryProtocols.swift in Sources */,
				1150D3341FE4390F00AC1427 /* EqualDiffMatcher.swift in Sources */,
				1150D3281FE4374E00AC1427 /* Library.swift in Sources */,
				1150D3221FE4371B00AC1427 /* AutoEquatableCore.generated.swift in Sources */,
				1150D3291FE4375200AC1427 /* LibrarySpec.swift in Sources */,
				1150D3261FE4374900AC1427 /* NotebookSpec.swift in Sources */,
				1150D31E1FE4361500AC1427 /* Note.swift in Sources */,
				1150D32E1FE4383700AC1427 /* NoteSpec.swift in Sources */,
				1150D3251FE4374700AC1427 /* Notebook.swift in Sources */,
			);
			runOnlyForDeploymentPostprocessing = 0;
		};
		1150D34B1FE4532400AC1427 /* Sources */ = {
			isa = PBXSourcesBuildPhase;
			buildActionMask = 2147483647;
			files = (
				1150D3631FE454D400AC1427 /* NoteDatatypes.swift in Sources */,
				1150D35B1FE453E600AC1427 /* NoteViewController.swift in Sources */,
				1150D3641FE454E100AC1427 /* SourceryProtocols.swift in Sources */,
			);
			runOnlyForDeploymentPostprocessing = 0;
		};
		11B705771EEB42570039A863 /* Sources */ = {
			isa = PBXSourcesBuildPhase;
			buildActionMask = 2147483647;
			files = (
				B2125A06DCB1F626D494BE69 /* NoteViewController.swift in Sources */,
				1150D3591FE4535A00AC1427 /* NoteDatatypes.swift in Sources */,
				B21253EDB6147747CE4F0A25 /* NoteEvaluator.swift in Sources */,
				1150D3491FE441AF00AC1427 /* Array+Extensions.swift in Sources */,
				118AA0351F8EB7180014CA3D /* NotebookEvaluator.swift in Sources */,
				11EA22261F8A105A0042CB96 /* LibraryEvaluator.swift in Sources */,
				11C41FF11F74477300397DD9 /* LibraryCoordinator.swift in Sources */,
				117D151F1FB63F4500410F6F /* URL+Extensions.swift in Sources */,
				1190D5B21FC1D4AF0064D569 /* SourceryProtocols.swift in Sources */,
				1168798A1F798EC2009461D6 /* LibraryTableViewCell.swift in Sources */,
				112D49831EF5391400C75B6A /* main.swift in Sources */,
				11FA13221F6B0B6500B09A92 /* TableViewCell+Extensions.swift in Sources */,
				11C41FEE1F7444EC00397DD9 /* LibraryViewController.swift in Sources */,
				111743751F5216AC006EDA89 /* Coordinator.swift in Sources */,
				B2125A350E9E9A7EB48B860B /* AppDelegate.swift in Sources */,
				B212519979AE4BCC7FA2E105 /* NotebookCoordinator.swift in Sources */,
				111743711F520C24006EDA89 /* NavigationController.swift in Sources */,
				115818A61F6B06F4009C9BB2 /* NoteTableViewCell.swift in Sources */,
				B212515A4CD07F0490A3D3FF /* NotebookViewController.swift in Sources */,
				11096D2A1F59EF4F00E1623C /* Operators.swift in Sources */,
				118D89B31F607C430038EB6A /* ThemeManager.swift in Sources */,
				117D151C1FB61CCA00410F6F /* FileExecuter.swift in Sources */,
				B21258D0176F22AE3C4E539F /* AppCoordinator.swift in Sources */,
				116E40B81FC0BE570096BC6C /* FailingFileExecuter.swift in Sources */,
				B2125F574C739CB38F732AF9 /* AppDependency.swift in Sources */,
				117E1BE51F54A4990046DC52 /* DefaultTheme.swift in Sources */,
				B212560DBEB110ABCFB85CAB /* NoteCoordinator.swift in Sources */,
				11429F7F1FD4227A00A537E2 /* AutoLens.generated.swift in Sources */,
				1190D5AF1FC1D44E0064D569 /* AutoEquatable.generated.swift in Sources */,
			);
			runOnlyForDeploymentPostprocessing = 0;
		};
		11B7058B1EEB42570039A863 /* Sources */ = {
			isa = PBXSourcesBuildPhase;
			buildActionMask = 2147483647;
			files = (
				B2125985206C842279B2FDB5 /* NoteEvaluator.swift in Sources */,
				11CDB3E71F969C130014C58F /* LibraryEvaluator.swift in Sources */,
				1190D5B31FC1D4AF0064D569 /* SourceryProtocols.swift in Sources */,
				117D151D1FB61CCA00410F6F /* FileExecuter.swift in Sources */,
				1160CCE01F954C140033E9E2 /* NavigationController.swift in Sources */,
				1160CCDF1F954C0B0033E9E2 /* Coordinator.swift in Sources */,
				117D15201FB63F4500410F6F /* URL+Extensions.swift in Sources */,
				1109567B1F99307A0043AE2D /* NotebookEvaluatorSpec.swift in Sources */,
				11CDB3E41F969BE20014C58F /* TableViewCell+Extensions.swift in Sources */,
				112A9D8F1F59F07C003DF85D /* Operators.swift in Sources */,
				117D15221FB63F5E00410F6F /* URL+ExtensionsSpec.swift in Sources */,
				11E39D771FC4C12900D9232D /* EqualDiffMatcher.swift in Sources */,
				11239E4D1FD5EE2F0076C94C /* NotebookEvaluator.swift in Sources */,
				1109567D1F993E190043AE2D /* LibraryEvaluatorSpec.swift in Sources */,
				1160CCDE1F954A560033E9E2 /* NoteEvaluatorSpec.swift in Sources */,
				11429F801FD4232E00A537E2 /* AutoLens.generated.swift in Sources */,
				1150D34A1FE441AF00AC1427 /* Array+Extensions.swift in Sources */,
				1190D5B01FC1D44E0064D569 /* AutoEquatable.generated.swift in Sources */,
			);
			runOnlyForDeploymentPostprocessing = 0;
		};
/* End PBXSourcesBuildPhase section */

/* Begin PBXTargetDependency section */
		1150D2DD1FE4339800AC1427 /* PBXTargetDependency */ = {
			isa = PBXTargetDependency;
			target = 1150D2D61FE4339800AC1427 /* Prelude */;
			targetProxy = 1150D2DC1FE4339800AC1427 /* PBXContainerItemProxy */;
		};
		1150D3041FE433C000AC1427 /* PBXTargetDependency */ = {
			isa = PBXTargetDependency;
			target = 1150D2F81FE433C000AC1427 /* Core */;
			targetProxy = 1150D3031FE433C000AC1427 /* PBXContainerItemProxy */;
		};
		1150D30D1FE433C000AC1427 /* PBXTargetDependency */ = {
			isa = PBXTargetDependency;
			target = 1150D2F81FE433C000AC1427 /* Core */;
			targetProxy = 1150D30C1FE433C000AC1427 /* PBXContainerItemProxy */;
		};
		11B705911EEB42570039A863 /* PBXTargetDependency */ = {
			isa = PBXTargetDependency;
			target = 11B7057A1EEB42570039A863 /* QuNotes */;
			targetProxy = 11B705901EEB42570039A863 /* PBXContainerItemProxy */;
		};
/* End PBXTargetDependency section */

/* Begin PBXVariantGroup section */
		11B705871EEB42570039A863 /* LaunchScreen.storyboard */ = {
			isa = PBXVariantGroup;
			children = (
				11B705881EEB42570039A863 /* Base */,
			);
			name = LaunchScreen.storyboard;
			sourceTree = "<group>";
		};
/* End PBXVariantGroup section */

/* Begin XCBuildConfiguration section */
		1150D2E01FE4339800AC1427 /* Debug */ = {
			isa = XCBuildConfiguration;
			buildSettings = {
				CLANG_CXX_LANGUAGE_STANDARD = "gnu++14";
				CLANG_WARN_UNGUARDED_AVAILABILITY = YES_AGGRESSIVE;
				CODE_SIGN_IDENTITY = "iPhone Developer";
				CODE_SIGN_STYLE = Automatic;
				CURRENT_PROJECT_VERSION = 1;
				DEFINES_MODULE = YES;
				DEVELOPMENT_TEAM = LB83DKTVND;
				DYLIB_COMPATIBILITY_VERSION = 1;
				DYLIB_CURRENT_VERSION = 1;
				DYLIB_INSTALL_NAME_BASE = "@rpath";
				GCC_C_LANGUAGE_STANDARD = gnu11;
				INFOPLIST_FILE = Prelude/Info.plist;
				INSTALL_PATH = "$(LOCAL_LIBRARY_DIR)/Frameworks";
				IPHONEOS_DEPLOYMENT_TARGET = 11.0;
				LD_RUNPATH_SEARCH_PATHS = "$(inherited) @executable_path/Frameworks @loader_path/Frameworks";
				PRODUCT_BUNDLE_IDENTIFIER = io.ragon.github.Prelude;
				PRODUCT_NAME = "$(TARGET_NAME:c99extidentifier)";
				SKIP_INSTALL = YES;
				SWIFT_VERSION = 4.0;
				TARGETED_DEVICE_FAMILY = "1,2";
				VERSIONING_SYSTEM = "apple-generic";
				VERSION_INFO_PREFIX = "";
			};
			name = Debug;
		};
		1150D2E11FE4339800AC1427 /* Release */ = {
			isa = XCBuildConfiguration;
			buildSettings = {
				CLANG_CXX_LANGUAGE_STANDARD = "gnu++14";
				CLANG_WARN_UNGUARDED_AVAILABILITY = YES_AGGRESSIVE;
				CODE_SIGN_IDENTITY = "iPhone Developer";
				CODE_SIGN_STYLE = Automatic;
				CURRENT_PROJECT_VERSION = 1;
				DEFINES_MODULE = YES;
				DEVELOPMENT_TEAM = LB83DKTVND;
				DYLIB_COMPATIBILITY_VERSION = 1;
				DYLIB_CURRENT_VERSION = 1;
				DYLIB_INSTALL_NAME_BASE = "@rpath";
				GCC_C_LANGUAGE_STANDARD = gnu11;
				INFOPLIST_FILE = Prelude/Info.plist;
				INSTALL_PATH = "$(LOCAL_LIBRARY_DIR)/Frameworks";
				IPHONEOS_DEPLOYMENT_TARGET = 11.0;
				LD_RUNPATH_SEARCH_PATHS = "$(inherited) @executable_path/Frameworks @loader_path/Frameworks";
				PRODUCT_BUNDLE_IDENTIFIER = io.ragon.github.Prelude;
				PRODUCT_NAME = "$(TARGET_NAME:c99extidentifier)";
				SKIP_INSTALL = YES;
				SWIFT_VERSION = 4.0;
				TARGETED_DEVICE_FAMILY = "1,2";
				VERSIONING_SYSTEM = "apple-generic";
				VERSION_INFO_PREFIX = "";
			};
			name = Release;
		};
		1150D3111FE433C000AC1427 /* Debug */ = {
			isa = XCBuildConfiguration;
			buildSettings = {
				CLANG_CXX_LANGUAGE_STANDARD = "gnu++14";
				CLANG_WARN_UNGUARDED_AVAILABILITY = YES_AGGRESSIVE;
				CODE_SIGN_IDENTITY = "iPhone Developer";
				CODE_SIGN_STYLE = Automatic;
				CURRENT_PROJECT_VERSION = 1;
				DEFINES_MODULE = YES;
				DEVELOPMENT_TEAM = LB83DKTVND;
				DYLIB_COMPATIBILITY_VERSION = 1;
				DYLIB_CURRENT_VERSION = 1;
				DYLIB_INSTALL_NAME_BASE = "@rpath";
				FRAMEWORK_SEARCH_PATHS = (
					"$(inherited)",
					"$(PROJECT_DIR)/Carthage/Build/iOS",
				);
				GCC_C_LANGUAGE_STANDARD = gnu11;
				INFOPLIST_FILE = Core/Info.plist;
				INSTALL_PATH = "$(LOCAL_LIBRARY_DIR)/Frameworks";
				IPHONEOS_DEPLOYMENT_TARGET = 11.0;
				LD_RUNPATH_SEARCH_PATHS = "$(inherited) @executable_path/Frameworks @loader_path/Frameworks";
				PRODUCT_BUNDLE_IDENTIFIER = io.ragon.github.Core;
				PRODUCT_NAME = "$(TARGET_NAME:c99extidentifier)";
				SKIP_INSTALL = YES;
				SWIFT_VERSION = 4.0;
				TARGETED_DEVICE_FAMILY = "1,2";
				VERSIONING_SYSTEM = "apple-generic";
				VERSION_INFO_PREFIX = "";
			};
			name = Debug;
		};
		1150D3121FE433C000AC1427 /* Release */ = {
			isa = XCBuildConfiguration;
			buildSettings = {
				CLANG_CXX_LANGUAGE_STANDARD = "gnu++14";
				CLANG_WARN_UNGUARDED_AVAILABILITY = YES_AGGRESSIVE;
				CODE_SIGN_IDENTITY = "iPhone Developer";
				CODE_SIGN_STYLE = Automatic;
				CURRENT_PROJECT_VERSION = 1;
				DEFINES_MODULE = YES;
				DEVELOPMENT_TEAM = LB83DKTVND;
				DYLIB_COMPATIBILITY_VERSION = 1;
				DYLIB_CURRENT_VERSION = 1;
				DYLIB_INSTALL_NAME_BASE = "@rpath";
				FRAMEWORK_SEARCH_PATHS = (
					"$(inherited)",
					"$(PROJECT_DIR)/Carthage/Build/iOS",
				);
				GCC_C_LANGUAGE_STANDARD = gnu11;
				INFOPLIST_FILE = Core/Info.plist;
				INSTALL_PATH = "$(LOCAL_LIBRARY_DIR)/Frameworks";
				IPHONEOS_DEPLOYMENT_TARGET = 11.0;
				LD_RUNPATH_SEARCH_PATHS = "$(inherited) @executable_path/Frameworks @loader_path/Frameworks";
				PRODUCT_BUNDLE_IDENTIFIER = io.ragon.github.Core;
				PRODUCT_NAME = "$(TARGET_NAME:c99extidentifier)";
				SKIP_INSTALL = YES;
				SWIFT_VERSION = 4.0;
				TARGETED_DEVICE_FAMILY = "1,2";
				VERSIONING_SYSTEM = "apple-generic";
				VERSION_INFO_PREFIX = "";
			};
			name = Release;
		};
		1150D3141FE433C000AC1427 /* Debug */ = {
			isa = XCBuildConfiguration;
			buildSettings = {
				ALWAYS_EMBED_SWIFT_STANDARD_LIBRARIES = YES;
				CLANG_CXX_LANGUAGE_STANDARD = "gnu++14";
				CLANG_WARN_UNGUARDED_AVAILABILITY = YES_AGGRESSIVE;
				CODE_SIGN_IDENTITY = "iPhone Developer";
				CODE_SIGN_STYLE = Automatic;
				DEVELOPMENT_TEAM = LB83DKTVND;
				FRAMEWORK_SEARCH_PATHS = (
					"$(inherited)",
					"$(PROJECT_DIR)/Carthage/Build/iOS",
				);
				GCC_C_LANGUAGE_STANDARD = gnu11;
				INFOPLIST_FILE = CoreTests/Info.plist;
				IPHONEOS_DEPLOYMENT_TARGET = 11.2;
				LD_RUNPATH_SEARCH_PATHS = "$(inherited) @executable_path/Frameworks @loader_path/Frameworks";
				PRODUCT_BUNDLE_IDENTIFIER = io.ragon.github.CoreTests;
				PRODUCT_NAME = "$(TARGET_NAME)";
				SWIFT_VERSION = 4.0;
				TARGETED_DEVICE_FAMILY = "1,2";
			};
			name = Debug;
		};
		1150D3151FE433C000AC1427 /* Release */ = {
			isa = XCBuildConfiguration;
			buildSettings = {
				ALWAYS_EMBED_SWIFT_STANDARD_LIBRARIES = YES;
				CLANG_CXX_LANGUAGE_STANDARD = "gnu++14";
				CLANG_WARN_UNGUARDED_AVAILABILITY = YES_AGGRESSIVE;
				CODE_SIGN_IDENTITY = "iPhone Developer";
				CODE_SIGN_STYLE = Automatic;
				DEVELOPMENT_TEAM = LB83DKTVND;
				FRAMEWORK_SEARCH_PATHS = (
					"$(inherited)",
					"$(PROJECT_DIR)/Carthage/Build/iOS",
				);
				GCC_C_LANGUAGE_STANDARD = gnu11;
				INFOPLIST_FILE = CoreTests/Info.plist;
				IPHONEOS_DEPLOYMENT_TARGET = 11.2;
				LD_RUNPATH_SEARCH_PATHS = "$(inherited) @executable_path/Frameworks @loader_path/Frameworks";
				PRODUCT_BUNDLE_IDENTIFIER = io.ragon.github.CoreTests;
				PRODUCT_NAME = "$(TARGET_NAME)";
				SWIFT_VERSION = 4.0;
				TARGETED_DEVICE_FAMILY = "1,2";
			};
			name = Release;
		};
		1150D3561FE4532400AC1427 /* Debug */ = {
			isa = XCBuildConfiguration;
			buildSettings = {
				CLANG_CXX_LANGUAGE_STANDARD = "gnu++14";
				CLANG_ENABLE_MODULES = YES;
				CLANG_WARN_UNGUARDED_AVAILABILITY = YES_AGGRESSIVE;
				CODE_SIGN_IDENTITY = "iPhone Developer";
				CODE_SIGN_STYLE = Automatic;
				CURRENT_PROJECT_VERSION = 1;
				DEFINES_MODULE = YES;
				DEVELOPMENT_TEAM = LB83DKTVND;
				DYLIB_COMPATIBILITY_VERSION = 1;
				DYLIB_CURRENT_VERSION = 1;
				DYLIB_INSTALL_NAME_BASE = "@rpath";
				FRAMEWORK_SEARCH_PATHS = (
					"$(inherited)",
					"$(PROJECT_DIR)/Carthage/Build/iOS",
				);
				GCC_C_LANGUAGE_STANDARD = gnu11;
				INFOPLIST_FILE = QuNotesUI/Info.plist;
				INSTALL_PATH = "$(LOCAL_LIBRARY_DIR)/Frameworks";
				IPHONEOS_DEPLOYMENT_TARGET = 11.2;
				LD_RUNPATH_SEARCH_PATHS = "$(inherited) @executable_path/Frameworks @loader_path/Frameworks";
				PRODUCT_BUNDLE_IDENTIFIER = io.ragon.github.QuNotesUI;
				PRODUCT_NAME = "$(TARGET_NAME:c99extidentifier)";
				SKIP_INSTALL = YES;
				SWIFT_OPTIMIZATION_LEVEL = "-Onone";
				SWIFT_VERSION = 4.0;
				TARGETED_DEVICE_FAMILY = "1,2";
				VERSIONING_SYSTEM = "apple-generic";
				VERSION_INFO_PREFIX = "";
			};
			name = Debug;
		};
		1150D3571FE4532400AC1427 /* Release */ = {
			isa = XCBuildConfiguration;
			buildSettings = {
				CLANG_CXX_LANGUAGE_STANDARD = "gnu++14";
				CLANG_ENABLE_MODULES = YES;
				CLANG_WARN_UNGUARDED_AVAILABILITY = YES_AGGRESSIVE;
				CODE_SIGN_IDENTITY = "iPhone Developer";
				CODE_SIGN_STYLE = Automatic;
				CURRENT_PROJECT_VERSION = 1;
				DEFINES_MODULE = YES;
				DEVELOPMENT_TEAM = LB83DKTVND;
				DYLIB_COMPATIBILITY_VERSION = 1;
				DYLIB_CURRENT_VERSION = 1;
				DYLIB_INSTALL_NAME_BASE = "@rpath";
				FRAMEWORK_SEARCH_PATHS = (
					"$(inherited)",
					"$(PROJECT_DIR)/Carthage/Build/iOS",
				);
				GCC_C_LANGUAGE_STANDARD = gnu11;
				INFOPLIST_FILE = QuNotesUI/Info.plist;
				INSTALL_PATH = "$(LOCAL_LIBRARY_DIR)/Frameworks";
				IPHONEOS_DEPLOYMENT_TARGET = 11.2;
				LD_RUNPATH_SEARCH_PATHS = "$(inherited) @executable_path/Frameworks @loader_path/Frameworks";
				PRODUCT_BUNDLE_IDENTIFIER = io.ragon.github.QuNotesUI;
				PRODUCT_NAME = "$(TARGET_NAME:c99extidentifier)";
				SKIP_INSTALL = YES;
				SWIFT_VERSION = 4.0;
				TARGETED_DEVICE_FAMILY = "1,2";
				VERSIONING_SYSTEM = "apple-generic";
				VERSION_INFO_PREFIX = "";
			};
			name = Release;
		};
		11B705961EEB42570039A863 /* Debug */ = {
			isa = XCBuildConfiguration;
			buildSettings = {
				ALWAYS_SEARCH_USER_PATHS = NO;
				CLANG_ANALYZER_NONNULL = YES;
				CLANG_ANALYZER_NUMBER_OBJECT_CONVERSION = YES_AGGRESSIVE;
				CLANG_CXX_LANGUAGE_STANDARD = "gnu++0x";
				CLANG_CXX_LIBRARY = "libc++";
				CLANG_ENABLE_CODE_COVERAGE = NO;
				CLANG_ENABLE_MODULES = YES;
				CLANG_ENABLE_OBJC_ARC = YES;
				CLANG_WARN_BLOCK_CAPTURE_AUTORELEASING = YES;
				CLANG_WARN_BOOL_CONVERSION = YES;
				CLANG_WARN_COMMA = YES;
				CLANG_WARN_CONSTANT_CONVERSION = YES;
				CLANG_WARN_DIRECT_OBJC_ISA_USAGE = YES_ERROR;
				CLANG_WARN_DOCUMENTATION_COMMENTS = YES;
				CLANG_WARN_EMPTY_BODY = YES;
				CLANG_WARN_ENUM_CONVERSION = YES;
				CLANG_WARN_INFINITE_RECURSION = YES;
				CLANG_WARN_INT_CONVERSION = YES;
				CLANG_WARN_NON_LITERAL_NULL_CONVERSION = YES;
				CLANG_WARN_OBJC_LITERAL_CONVERSION = YES;
				CLANG_WARN_OBJC_ROOT_CLASS = YES_ERROR;
				CLANG_WARN_RANGE_LOOP_ANALYSIS = YES;
				CLANG_WARN_STRICT_PROTOTYPES = YES;
				CLANG_WARN_SUSPICIOUS_MOVE = YES;
				CLANG_WARN_UNREACHABLE_CODE = YES;
				CLANG_WARN__DUPLICATE_METHOD_MATCH = YES;
				"CODE_SIGN_IDENTITY[sdk=iphoneos*]" = "iPhone Developer";
				COPY_PHASE_STRIP = NO;
				DEBUG_INFORMATION_FORMAT = dwarf;
				ENABLE_STRICT_OBJC_MSGSEND = YES;
				ENABLE_TESTABILITY = YES;
				GCC_C_LANGUAGE_STANDARD = gnu99;
				GCC_DYNAMIC_NO_PIC = NO;
				GCC_NO_COMMON_BLOCKS = YES;
				GCC_OPTIMIZATION_LEVEL = 0;
				GCC_PREPROCESSOR_DEFINITIONS = (
					"DEBUG=1",
					"$(inherited)",
				);
				GCC_WARN_64_TO_32_BIT_CONVERSION = YES;
				GCC_WARN_ABOUT_RETURN_TYPE = YES_ERROR;
				GCC_WARN_UNDECLARED_SELECTOR = YES;
				GCC_WARN_UNINITIALIZED_AUTOS = YES_AGGRESSIVE;
				GCC_WARN_UNUSED_FUNCTION = YES;
				GCC_WARN_UNUSED_VARIABLE = YES;
				IPHONEOS_DEPLOYMENT_TARGET = 11.0;
				MTL_ENABLE_DEBUG_INFO = YES;
				ONLY_ACTIVE_ARCH = YES;
				SDKROOT = iphoneos;
				SWIFT_ACTIVE_COMPILATION_CONDITIONS = DEBUG;
				SWIFT_OPTIMIZATION_LEVEL = "-Onone";
				TARGETED_DEVICE_FAMILY = "1,2";
			};
			name = Debug;
		};
		11B705971EEB42570039A863 /* Release */ = {
			isa = XCBuildConfiguration;
			buildSettings = {
				ALWAYS_SEARCH_USER_PATHS = NO;
				CLANG_ANALYZER_NONNULL = YES;
				CLANG_ANALYZER_NUMBER_OBJECT_CONVERSION = YES_AGGRESSIVE;
				CLANG_CXX_LANGUAGE_STANDARD = "gnu++0x";
				CLANG_CXX_LIBRARY = "libc++";
				CLANG_ENABLE_CODE_COVERAGE = NO;
				CLANG_ENABLE_MODULES = YES;
				CLANG_ENABLE_OBJC_ARC = YES;
				CLANG_WARN_BLOCK_CAPTURE_AUTORELEASING = YES;
				CLANG_WARN_BOOL_CONVERSION = YES;
				CLANG_WARN_COMMA = YES;
				CLANG_WARN_CONSTANT_CONVERSION = YES;
				CLANG_WARN_DIRECT_OBJC_ISA_USAGE = YES_ERROR;
				CLANG_WARN_DOCUMENTATION_COMMENTS = YES;
				CLANG_WARN_EMPTY_BODY = YES;
				CLANG_WARN_ENUM_CONVERSION = YES;
				CLANG_WARN_INFINITE_RECURSION = YES;
				CLANG_WARN_INT_CONVERSION = YES;
				CLANG_WARN_NON_LITERAL_NULL_CONVERSION = YES;
				CLANG_WARN_OBJC_LITERAL_CONVERSION = YES;
				CLANG_WARN_OBJC_ROOT_CLASS = YES_ERROR;
				CLANG_WARN_RANGE_LOOP_ANALYSIS = YES;
				CLANG_WARN_STRICT_PROTOTYPES = YES;
				CLANG_WARN_SUSPICIOUS_MOVE = YES;
				CLANG_WARN_UNREACHABLE_CODE = YES;
				CLANG_WARN__DUPLICATE_METHOD_MATCH = YES;
				"CODE_SIGN_IDENTITY[sdk=iphoneos*]" = "iPhone Developer";
				COPY_PHASE_STRIP = NO;
				DEBUG_INFORMATION_FORMAT = "dwarf-with-dsym";
				ENABLE_NS_ASSERTIONS = NO;
				ENABLE_STRICT_OBJC_MSGSEND = YES;
				GCC_C_LANGUAGE_STANDARD = gnu99;
				GCC_NO_COMMON_BLOCKS = YES;
				GCC_WARN_64_TO_32_BIT_CONVERSION = YES;
				GCC_WARN_ABOUT_RETURN_TYPE = YES_ERROR;
				GCC_WARN_UNDECLARED_SELECTOR = YES;
				GCC_WARN_UNINITIALIZED_AUTOS = YES_AGGRESSIVE;
				GCC_WARN_UNUSED_FUNCTION = YES;
				GCC_WARN_UNUSED_VARIABLE = YES;
				IPHONEOS_DEPLOYMENT_TARGET = 11.0;
				MTL_ENABLE_DEBUG_INFO = NO;
				SDKROOT = iphoneos;
				SWIFT_OPTIMIZATION_LEVEL = "-Owholemodule";
				TARGETED_DEVICE_FAMILY = "1,2";
				VALIDATE_PRODUCT = YES;
			};
			name = Release;
		};
		11B705991EEB42570039A863 /* Debug */ = {
			isa = XCBuildConfiguration;
			buildSettings = {
				ALWAYS_EMBED_SWIFT_STANDARD_LIBRARIES = YES;
				ASSETCATALOG_COMPILER_APPICON_NAME = AppIcon;
				CLANG_ENABLE_MODULES = YES;
				CODE_SIGN_IDENTITY = "iPhone Developer";
				DEVELOPMENT_TEAM = LB83DKTVND;
				FRAMEWORK_SEARCH_PATHS = (
					"$(inherited)",
					"$(PROJECT_DIR)/Carthage/Build/iOS",
				);
				INFOPLIST_FILE = QuNotes/Resources/Info.plist;
				IPHONEOS_DEPLOYMENT_TARGET = 11.0;
				LD_RUNPATH_SEARCH_PATHS = "$(inherited) @executable_path/Frameworks";
				PRODUCT_BUNDLE_IDENTIFIER = io.ragon.github.QuNotes;
				PRODUCT_NAME = "$(TARGET_NAME)";
				SWIFT_OBJC_BRIDGING_HEADER = "";
				SWIFT_OPTIMIZATION_LEVEL = "-Onone";
				SWIFT_SWIFT3_OBJC_INFERENCE = Off;
				SWIFT_VERSION = 4.0;
			};
			name = Debug;
		};
		11B7059A1EEB42570039A863 /* Release */ = {
			isa = XCBuildConfiguration;
			buildSettings = {
				ALWAYS_EMBED_SWIFT_STANDARD_LIBRARIES = YES;
				ASSETCATALOG_COMPILER_APPICON_NAME = AppIcon;
				CLANG_ENABLE_MODULES = YES;
				CODE_SIGN_IDENTITY = "iPhone Developer";
				DEVELOPMENT_TEAM = LB83DKTVND;
				FRAMEWORK_SEARCH_PATHS = (
					"$(inherited)",
					"$(PROJECT_DIR)/Carthage/Build/iOS",
				);
				INFOPLIST_FILE = QuNotes/Resources/Info.plist;
				IPHONEOS_DEPLOYMENT_TARGET = 11.0;
				LD_RUNPATH_SEARCH_PATHS = "$(inherited) @executable_path/Frameworks";
				PRODUCT_BUNDLE_IDENTIFIER = io.ragon.github.QuNotes;
				PRODUCT_NAME = "$(TARGET_NAME)";
				SWIFT_OBJC_BRIDGING_HEADER = "";
				SWIFT_OPTIMIZATION_LEVEL = "-Owholemodule";
				SWIFT_SWIFT3_OBJC_INFERENCE = Off;
				SWIFT_VERSION = 4.0;
			};
			name = Release;
		};
		11B7059C1EEB42570039A863 /* Debug */ = {
			isa = XCBuildConfiguration;
			buildSettings = {
				ALWAYS_EMBED_SWIFT_STANDARD_LIBRARIES = YES;
				DEVELOPMENT_TEAM = LB83DKTVND;
				FRAMEWORK_SEARCH_PATHS = (
					"$(inherited)",
					"$(PROJECT_DIR)/Carthage/Build/iOS",
				);
				INFOPLIST_FILE = QuNotes/Resources/QuNotesTestsInfo.plist;
				LD_RUNPATH_SEARCH_PATHS = "$(inherited) @executable_path/Frameworks @loader_path/Frameworks";
				PRODUCT_BUNDLE_IDENTIFIER = io.ragon.github.QuNotesTests;
				PRODUCT_NAME = "$(TARGET_NAME)";
				SWIFT_OBJC_BRIDGING_HEADER = "";
				SWIFT_SWIFT3_OBJC_INFERENCE = Off;
				SWIFT_VERSION = 4.0;
			};
			name = Debug;
		};
		11B7059D1EEB42570039A863 /* Release */ = {
			isa = XCBuildConfiguration;
			buildSettings = {
				ALWAYS_EMBED_SWIFT_STANDARD_LIBRARIES = YES;
				DEVELOPMENT_TEAM = LB83DKTVND;
				FRAMEWORK_SEARCH_PATHS = (
					"$(inherited)",
					"$(PROJECT_DIR)/Carthage/Build/iOS",
				);
				INFOPLIST_FILE = QuNotes/Resources/QuNotesTestsInfo.plist;
				LD_RUNPATH_SEARCH_PATHS = "$(inherited) @executable_path/Frameworks @loader_path/Frameworks";
				PRODUCT_BUNDLE_IDENTIFIER = io.ragon.github.QuNotesTests;
				PRODUCT_NAME = "$(TARGET_NAME)";
				SWIFT_OBJC_BRIDGING_HEADER = "";
				SWIFT_SWIFT3_OBJC_INFERENCE = Off;
				SWIFT_VERSION = 4.0;
			};
			name = Release;
		};
/* End XCBuildConfiguration section */

/* Begin XCConfigurationList section */
		1150D2E21FE4339800AC1427 /* Build configuration list for PBXNativeTarget "Prelude" */ = {
			isa = XCConfigurationList;
			buildConfigurations = (
				1150D2E01FE4339800AC1427 /* Debug */,
				1150D2E11FE4339800AC1427 /* Release */,
			);
			defaultConfigurationIsVisible = 0;
			defaultConfigurationName = Release;
		};
		1150D3101FE433C000AC1427 /* Build configuration list for PBXNativeTarget "Core" */ = {
			isa = XCConfigurationList;
			buildConfigurations = (
				1150D3111FE433C000AC1427 /* Debug */,
				1150D3121FE433C000AC1427 /* Release */,
			);
			defaultConfigurationIsVisible = 0;
			defaultConfigurationName = Release;
		};
		1150D3131FE433C000AC1427 /* Build configuration list for PBXNativeTarget "CoreTests" */ = {
			isa = XCConfigurationList;
			buildConfigurations = (
				1150D3141FE433C000AC1427 /* Debug */,
				1150D3151FE433C000AC1427 /* Release */,
			);
			defaultConfigurationIsVisible = 0;
			defaultConfigurationName = Release;
		};
		1150D3551FE4532400AC1427 /* Build configuration list for PBXNativeTarget "QuNotesUI" */ = {
			isa = XCConfigurationList;
			buildConfigurations = (
				1150D3561FE4532400AC1427 /* Debug */,
				1150D3571FE4532400AC1427 /* Release */,
			);
			defaultConfigurationIsVisible = 0;
			defaultConfigurationName = Release;
		};
		11B705761EEB42560039A863 /* Build configuration list for PBXProject "QuNotes" */ = {
			isa = XCConfigurationList;
			buildConfigurations = (
				11B705961EEB42570039A863 /* Debug */,
				11B705971EEB42570039A863 /* Release */,
			);
			defaultConfigurationIsVisible = 0;
			defaultConfigurationName = Release;
		};
		11B705981EEB42570039A863 /* Build configuration list for PBXNativeTarget "QuNotes" */ = {
			isa = XCConfigurationList;
			buildConfigurations = (
				11B705991EEB42570039A863 /* Debug */,
				11B7059A1EEB42570039A863 /* Release */,
			);
			defaultConfigurationIsVisible = 0;
			defaultConfigurationName = Release;
		};
		11B7059B1EEB42570039A863 /* Build configuration list for PBXNativeTarget "QuNotesTests" */ = {
			isa = XCConfigurationList;
			buildConfigurations = (
				11B7059C1EEB42570039A863 /* Debug */,
				11B7059D1EEB42570039A863 /* Release */,
			);
			defaultConfigurationIsVisible = 0;
			defaultConfigurationName = Release;
		};
/* End XCConfigurationList section */
	};
	rootObject = 11B705731EEB42560039A863 /* Project object */;
}
